<?xml version="1.0" encoding="UTF-8"?>
<CodeBlocks_project_file>
	<FileVersion major="1" minor="6"/>
	<Project>
		<Option title="cpp_study"/>
		<Option makefile_is_custom="1"/>
		<Option compiler="gcc"/>
		<Option virtualFolders="CMake Files\;"/>
		<Build>
			<Target title="all">
				<Option working_dir="/Users/xiaochen/project/cpp-study/cpp-prime"/>
				<Option type="4"/>
				<MakeCommands>
					<Build command="/usr/bin/make -f &quot;/Users/xiaochen/project/cpp-study/cpp-prime/Makefile&quot;  VERBOSE=1 all"/>
					<CompileFile command="/usr/bin/make -f &quot;/Users/xiaochen/project/cpp-study/cpp-prime/Makefile&quot;  VERBOSE=1 &quot;$file&quot;"/>
					<Clean command="/usr/bin/make -f &quot;/Users/xiaochen/project/cpp-study/cpp-prime/Makefile&quot;  VERBOSE=1 clean"/>
					<DistClean command="/usr/bin/make -f &quot;/Users/xiaochen/project/cpp-study/cpp-prime/Makefile&quot;  VERBOSE=1 clean"/>
				</MakeCommands>
			</Target>
			<Target title="rebuild_cache">
				<Option working_dir="/Users/xiaochen/project/cpp-study/cpp-prime"/>
				<Option type="4"/>
				<MakeCommands>
					<Build command="/usr/bin/make -f &quot;/Users/xiaochen/project/cpp-study/cpp-prime/Makefile&quot;  VERBOSE=1 rebuild_cache"/>
					<CompileFile command="/usr/bin/make -f &quot;/Users/xiaochen/project/cpp-study/cpp-prime/Makefile&quot;  VERBOSE=1 &quot;$file&quot;"/>
					<Clean command="/usr/bin/make -f &quot;/Users/xiaochen/project/cpp-study/cpp-prime/Makefile&quot;  VERBOSE=1 clean"/>
					<DistClean command="/usr/bin/make -f &quot;/Users/xiaochen/project/cpp-study/cpp-prime/Makefile&quot;  VERBOSE=1 clean"/>
				</MakeCommands>
			</Target>
			<Target title="c7-ex7-9">
				<Option output="/Users/xiaochen/project/cpp-study/cpp-prime/bin/c7-ex7-9" prefix_auto="0" extension_auto="0"/>
				<Option working_dir="/Users/xiaochen/project/cpp-study/cpp-prime/bin"/>
				<Option object_output="./"/>
				<Option type="1"/>
				<Option compiler="gcc"/>
				<Compiler/>
				<MakeCommands>
					<Build command="/usr/bin/make -f &quot;/Users/xiaochen/project/cpp-study/cpp-prime/Makefile&quot;  VERBOSE=1 c7-ex7-9"/>
					<CompileFile command="/usr/bin/make -f &quot;/Users/xiaochen/project/cpp-study/cpp-prime/Makefile&quot;  VERBOSE=1 &quot;$file&quot;"/>
					<Clean command="/usr/bin/make -f &quot;/Users/xiaochen/project/cpp-study/cpp-prime/Makefile&quot;  VERBOSE=1 clean"/>
					<DistClean command="/usr/bin/make -f &quot;/Users/xiaochen/project/cpp-study/cpp-prime/Makefile&quot;  VERBOSE=1 clean"/>
				</MakeCommands>
			</Target>
			<Target title="c7-ex7-9/fast">
				<Option output="/Users/xiaochen/project/cpp-study/cpp-prime/bin/c7-ex7-9" prefix_auto="0" extension_auto="0"/>
				<Option working_dir="/Users/xiaochen/project/cpp-study/cpp-prime/bin"/>
				<Option object_output="./"/>
				<Option type="1"/>
				<Option compiler="gcc"/>
				<Compiler/>
				<MakeCommands>
					<Build command="/usr/bin/make -f &quot;/Users/xiaochen/project/cpp-study/cpp-prime/Makefile&quot;  VERBOSE=1 c7-ex7-9/fast"/>
					<CompileFile command="/usr/bin/make -f &quot;/Users/xiaochen/project/cpp-study/cpp-prime/Makefile&quot;  VERBOSE=1 &quot;$file&quot;"/>
					<Clean command="/usr/bin/make -f &quot;/Users/xiaochen/project/cpp-study/cpp-prime/Makefile&quot;  VERBOSE=1 clean"/>
					<DistClean command="/usr/bin/make -f &quot;/Users/xiaochen/project/cpp-study/cpp-prime/Makefile&quot;  VERBOSE=1 clean"/>
				</MakeCommands>
			</Target>
			<Target title="c7-ex7-5">
				<Option output="/Users/xiaochen/project/cpp-study/cpp-prime/bin/c7-ex7-5" prefix_auto="0" extension_auto="0"/>
				<Option working_dir="/Users/xiaochen/project/cpp-study/cpp-prime/bin"/>
				<Option object_output="./"/>
				<Option type="1"/>
				<Option compiler="gcc"/>
				<Compiler/>
				<MakeCommands>
					<Build command="/usr/bin/make -f &quot;/Users/xiaochen/project/cpp-study/cpp-prime/Makefile&quot;  VERBOSE=1 c7-ex7-5"/>
					<CompileFile command="/usr/bin/make -f &quot;/Users/xiaochen/project/cpp-study/cpp-prime/Makefile&quot;  VERBOSE=1 &quot;$file&quot;"/>
					<Clean command="/usr/bin/make -f &quot;/Users/xiaochen/project/cpp-study/cpp-prime/Makefile&quot;  VERBOSE=1 clean"/>
					<DistClean command="/usr/bin/make -f &quot;/Users/xiaochen/project/cpp-study/cpp-prime/Makefile&quot;  VERBOSE=1 clean"/>
				</MakeCommands>
			</Target>
			<Target title="c7-ex7-5/fast">
				<Option output="/Users/xiaochen/project/cpp-study/cpp-prime/bin/c7-ex7-5" prefix_auto="0" extension_auto="0"/>
				<Option working_dir="/Users/xiaochen/project/cpp-study/cpp-prime/bin"/>
				<Option object_output="./"/>
				<Option type="1"/>
				<Option compiler="gcc"/>
				<Compiler/>
				<MakeCommands>
					<Build command="/usr/bin/make -f &quot;/Users/xiaochen/project/cpp-study/cpp-prime/Makefile&quot;  VERBOSE=1 c7-ex7-5/fast"/>
					<CompileFile command="/usr/bin/make -f &quot;/Users/xiaochen/project/cpp-study/cpp-prime/Makefile&quot;  VERBOSE=1 &quot;$file&quot;"/>
					<Clean command="/usr/bin/make -f &quot;/Users/xiaochen/project/cpp-study/cpp-prime/Makefile&quot;  VERBOSE=1 clean"/>
					<DistClean command="/usr/bin/make -f &quot;/Users/xiaochen/project/cpp-study/cpp-prime/Makefile&quot;  VERBOSE=1 clean"/>
				</MakeCommands>
			</Target>
			<Target title="c7-ex7-4">
				<Option output="/Users/xiaochen/project/cpp-study/cpp-prime/bin/c7-ex7-4" prefix_auto="0" extension_auto="0"/>
				<Option working_dir="/Users/xiaochen/project/cpp-study/cpp-prime/bin"/>
				<Option object_output="./"/>
				<Option type="1"/>
				<Option compiler="gcc"/>
				<Compiler/>
				<MakeCommands>
					<Build command="/usr/bin/make -f &quot;/Users/xiaochen/project/cpp-study/cpp-prime/Makefile&quot;  VERBOSE=1 c7-ex7-4"/>
					<CompileFile command="/usr/bin/make -f &quot;/Users/xiaochen/project/cpp-study/cpp-prime/Makefile&quot;  VERBOSE=1 &quot;$file&quot;"/>
					<Clean command="/usr/bin/make -f &quot;/Users/xiaochen/project/cpp-study/cpp-prime/Makefile&quot;  VERBOSE=1 clean"/>
					<DistClean command="/usr/bin/make -f &quot;/Users/xiaochen/project/cpp-study/cpp-prime/Makefile&quot;  VERBOSE=1 clean"/>
				</MakeCommands>
			</Target>
			<Target title="c7-ex7-4/fast">
				<Option output="/Users/xiaochen/project/cpp-study/cpp-prime/bin/c7-ex7-4" prefix_auto="0" extension_auto="0"/>
				<Option working_dir="/Users/xiaochen/project/cpp-study/cpp-prime/bin"/>
				<Option object_output="./"/>
				<Option type="1"/>
				<Option compiler="gcc"/>
				<Compiler/>
				<MakeCommands>
					<Build command="/usr/bin/make -f &quot;/Users/xiaochen/project/cpp-study/cpp-prime/Makefile&quot;  VERBOSE=1 c7-ex7-4/fast"/>
					<CompileFile command="/usr/bin/make -f &quot;/Users/xiaochen/project/cpp-study/cpp-prime/Makefile&quot;  VERBOSE=1 &quot;$file&quot;"/>
					<Clean command="/usr/bin/make -f &quot;/Users/xiaochen/project/cpp-study/cpp-prime/Makefile&quot;  VERBOSE=1 clean"/>
					<DistClean command="/usr/bin/make -f &quot;/Users/xiaochen/project/cpp-study/cpp-prime/Makefile&quot;  VERBOSE=1 clean"/>
				</MakeCommands>
			</Target>
			<Target title="c7-ex7-27">
				<Option output="/Users/xiaochen/project/cpp-study/cpp-prime/bin/c7-ex7-27" prefix_auto="0" extension_auto="0"/>
				<Option working_dir="/Users/xiaochen/project/cpp-study/cpp-prime/bin"/>
				<Option object_output="./"/>
				<Option type="1"/>
				<Option compiler="gcc"/>
				<Compiler/>
				<MakeCommands>
					<Build command="/usr/bin/make -f &quot;/Users/xiaochen/project/cpp-study/cpp-prime/Makefile&quot;  VERBOSE=1 c7-ex7-27"/>
					<CompileFile command="/usr/bin/make -f &quot;/Users/xiaochen/project/cpp-study/cpp-prime/Makefile&quot;  VERBOSE=1 &quot;$file&quot;"/>
					<Clean command="/usr/bin/make -f &quot;/Users/xiaochen/project/cpp-study/cpp-prime/Makefile&quot;  VERBOSE=1 clean"/>
					<DistClean command="/usr/bin/make -f &quot;/Users/xiaochen/project/cpp-study/cpp-prime/Makefile&quot;  VERBOSE=1 clean"/>
				</MakeCommands>
			</Target>
			<Target title="c7-ex7-27/fast">
				<Option output="/Users/xiaochen/project/cpp-study/cpp-prime/bin/c7-ex7-27" prefix_auto="0" extension_auto="0"/>
				<Option working_dir="/Users/xiaochen/project/cpp-study/cpp-prime/bin"/>
				<Option object_output="./"/>
				<Option type="1"/>
				<Option compiler="gcc"/>
				<Compiler/>
				<MakeCommands>
					<Build command="/usr/bin/make -f &quot;/Users/xiaochen/project/cpp-study/cpp-prime/Makefile&quot;  VERBOSE=1 c7-ex7-27/fast"/>
					<CompileFile command="/usr/bin/make -f &quot;/Users/xiaochen/project/cpp-study/cpp-prime/Makefile&quot;  VERBOSE=1 &quot;$file&quot;"/>
					<Clean command="/usr/bin/make -f &quot;/Users/xiaochen/project/cpp-study/cpp-prime/Makefile&quot;  VERBOSE=1 clean"/>
					<DistClean command="/usr/bin/make -f &quot;/Users/xiaochen/project/cpp-study/cpp-prime/Makefile&quot;  VERBOSE=1 clean"/>
				</MakeCommands>
			</Target>
			<Target title="c7-ex7-22">
				<Option output="/Users/xiaochen/project/cpp-study/cpp-prime/bin/c7-ex7-22" prefix_auto="0" extension_auto="0"/>
				<Option working_dir="/Users/xiaochen/project/cpp-study/cpp-prime/bin"/>
				<Option object_output="./"/>
				<Option type="1"/>
				<Option compiler="gcc"/>
				<Compiler/>
				<MakeCommands>
					<Build command="/usr/bin/make -f &quot;/Users/xiaochen/project/cpp-study/cpp-prime/Makefile&quot;  VERBOSE=1 c7-ex7-22"/>
					<CompileFile command="/usr/bin/make -f &quot;/Users/xiaochen/project/cpp-study/cpp-prime/Makefile&quot;  VERBOSE=1 &quot;$file&quot;"/>
					<Clean command="/usr/bin/make -f &quot;/Users/xiaochen/project/cpp-study/cpp-prime/Makefile&quot;  VERBOSE=1 clean"/>
					<DistClean command="/usr/bin/make -f &quot;/Users/xiaochen/project/cpp-study/cpp-prime/Makefile&quot;  VERBOSE=1 clean"/>
				</MakeCommands>
			</Target>
			<Target title="c7-ex7-22/fast">
				<Option output="/Users/xiaochen/project/cpp-study/cpp-prime/bin/c7-ex7-22" prefix_auto="0" extension_auto="0"/>
				<Option working_dir="/Users/xiaochen/project/cpp-study/cpp-prime/bin"/>
				<Option object_output="./"/>
				<Option type="1"/>
				<Option compiler="gcc"/>
				<Compiler/>
				<MakeCommands>
					<Build command="/usr/bin/make -f &quot;/Users/xiaochen/project/cpp-study/cpp-prime/Makefile&quot;  VERBOSE=1 c7-ex7-22/fast"/>
					<CompileFile command="/usr/bin/make -f &quot;/Users/xiaochen/project/cpp-study/cpp-prime/Makefile&quot;  VERBOSE=1 &quot;$file&quot;"/>
					<Clean command="/usr/bin/make -f &quot;/Users/xiaochen/project/cpp-study/cpp-prime/Makefile&quot;  VERBOSE=1 clean"/>
					<DistClean command="/usr/bin/make -f &quot;/Users/xiaochen/project/cpp-study/cpp-prime/Makefile&quot;  VERBOSE=1 clean"/>
				</MakeCommands>
			</Target>
			<Target title="c6-ex6-36">
				<Option output="/Users/xiaochen/project/cpp-study/cpp-prime/bin/c6-ex6-36" prefix_auto="0" extension_auto="0"/>
				<Option working_dir="/Users/xiaochen/project/cpp-study/cpp-prime/bin"/>
				<Option object_output="./"/>
				<Option type="1"/>
				<Option compiler="gcc"/>
				<Compiler/>
				<MakeCommands>
					<Build command="/usr/bin/make -f &quot;/Users/xiaochen/project/cpp-study/cpp-prime/Makefile&quot;  VERBOSE=1 c6-ex6-36"/>
					<CompileFile command="/usr/bin/make -f &quot;/Users/xiaochen/project/cpp-study/cpp-prime/Makefile&quot;  VERBOSE=1 &quot;$file&quot;"/>
					<Clean command="/usr/bin/make -f &quot;/Users/xiaochen/project/cpp-study/cpp-prime/Makefile&quot;  VERBOSE=1 clean"/>
					<DistClean command="/usr/bin/make -f &quot;/Users/xiaochen/project/cpp-study/cpp-prime/Makefile&quot;  VERBOSE=1 clean"/>
				</MakeCommands>
			</Target>
			<Target title="c6-ex6-36/fast">
				<Option output="/Users/xiaochen/project/cpp-study/cpp-prime/bin/c6-ex6-36" prefix_auto="0" extension_auto="0"/>
				<Option working_dir="/Users/xiaochen/project/cpp-study/cpp-prime/bin"/>
				<Option object_output="./"/>
				<Option type="1"/>
				<Option compiler="gcc"/>
				<Compiler/>
				<MakeCommands>
					<Build command="/usr/bin/make -f &quot;/Users/xiaochen/project/cpp-study/cpp-prime/Makefile&quot;  VERBOSE=1 c6-ex6-36/fast"/>
					<CompileFile command="/usr/bin/make -f &quot;/Users/xiaochen/project/cpp-study/cpp-prime/Makefile&quot;  VERBOSE=1 &quot;$file&quot;"/>
					<Clean command="/usr/bin/make -f &quot;/Users/xiaochen/project/cpp-study/cpp-prime/Makefile&quot;  VERBOSE=1 clean"/>
					<DistClean command="/usr/bin/make -f &quot;/Users/xiaochen/project/cpp-study/cpp-prime/Makefile&quot;  VERBOSE=1 clean"/>
				</MakeCommands>
			</Target>
			<Target title="c6-ex6-25">
				<Option output="/Users/xiaochen/project/cpp-study/cpp-prime/bin/c6-ex6-25" prefix_auto="0" extension_auto="0"/>
				<Option working_dir="/Users/xiaochen/project/cpp-study/cpp-prime/bin"/>
				<Option object_output="./"/>
				<Option type="1"/>
				<Option compiler="gcc"/>
				<Compiler/>
				<MakeCommands>
					<Build command="/usr/bin/make -f &quot;/Users/xiaochen/project/cpp-study/cpp-prime/Makefile&quot;  VERBOSE=1 c6-ex6-25"/>
					<CompileFile command="/usr/bin/make -f &quot;/Users/xiaochen/project/cpp-study/cpp-prime/Makefile&quot;  VERBOSE=1 &quot;$file&quot;"/>
					<Clean command="/usr/bin/make -f &quot;/Users/xiaochen/project/cpp-study/cpp-prime/Makefile&quot;  VERBOSE=1 clean"/>
					<DistClean command="/usr/bin/make -f &quot;/Users/xiaochen/project/cpp-study/cpp-prime/Makefile&quot;  VERBOSE=1 clean"/>
				</MakeCommands>
			</Target>
			<Target title="c6-ex6-25/fast">
				<Option output="/Users/xiaochen/project/cpp-study/cpp-prime/bin/c6-ex6-25" prefix_auto="0" extension_auto="0"/>
				<Option working_dir="/Users/xiaochen/project/cpp-study/cpp-prime/bin"/>
				<Option object_output="./"/>
				<Option type="1"/>
				<Option compiler="gcc"/>
				<Compiler/>
				<MakeCommands>
					<Build command="/usr/bin/make -f &quot;/Users/xiaochen/project/cpp-study/cpp-prime/Makefile&quot;  VERBOSE=1 c6-ex6-25/fast"/>
					<CompileFile command="/usr/bin/make -f &quot;/Users/xiaochen/project/cpp-study/cpp-prime/Makefile&quot;  VERBOSE=1 &quot;$file&quot;"/>
					<Clean command="/usr/bin/make -f &quot;/Users/xiaochen/project/cpp-study/cpp-prime/Makefile&quot;  VERBOSE=1 clean"/>
					<DistClean command="/usr/bin/make -f &quot;/Users/xiaochen/project/cpp-study/cpp-prime/Makefile&quot;  VERBOSE=1 clean"/>
				</MakeCommands>
			</Target>
			<Target title="c6-ex6-22">
				<Option output="/Users/xiaochen/project/cpp-study/cpp-prime/bin/c6-ex6-22" prefix_auto="0" extension_auto="0"/>
				<Option working_dir="/Users/xiaochen/project/cpp-study/cpp-prime/bin"/>
				<Option object_output="./"/>
				<Option type="1"/>
				<Option compiler="gcc"/>
				<Compiler/>
				<MakeCommands>
					<Build command="/usr/bin/make -f &quot;/Users/xiaochen/project/cpp-study/cpp-prime/Makefile&quot;  VERBOSE=1 c6-ex6-22"/>
					<CompileFile command="/usr/bin/make -f &quot;/Users/xiaochen/project/cpp-study/cpp-prime/Makefile&quot;  VERBOSE=1 &quot;$file&quot;"/>
					<Clean command="/usr/bin/make -f &quot;/Users/xiaochen/project/cpp-study/cpp-prime/Makefile&quot;  VERBOSE=1 clean"/>
					<DistClean command="/usr/bin/make -f &quot;/Users/xiaochen/project/cpp-study/cpp-prime/Makefile&quot;  VERBOSE=1 clean"/>
				</MakeCommands>
			</Target>
			<Target title="c6-ex6-22/fast">
				<Option output="/Users/xiaochen/project/cpp-study/cpp-prime/bin/c6-ex6-22" prefix_auto="0" extension_auto="0"/>
				<Option working_dir="/Users/xiaochen/project/cpp-study/cpp-prime/bin"/>
				<Option object_output="./"/>
				<Option type="1"/>
				<Option compiler="gcc"/>
				<Compiler/>
				<MakeCommands>
					<Build command="/usr/bin/make -f &quot;/Users/xiaochen/project/cpp-study/cpp-prime/Makefile&quot;  VERBOSE=1 c6-ex6-22/fast"/>
					<CompileFile command="/usr/bin/make -f &quot;/Users/xiaochen/project/cpp-study/cpp-prime/Makefile&quot;  VERBOSE=1 &quot;$file&quot;"/>
					<Clean command="/usr/bin/make -f &quot;/Users/xiaochen/project/cpp-study/cpp-prime/Makefile&quot;  VERBOSE=1 clean"/>
					<DistClean command="/usr/bin/make -f &quot;/Users/xiaochen/project/cpp-study/cpp-prime/Makefile&quot;  VERBOSE=1 clean"/>
				</MakeCommands>
			</Target>
			<Target title="c6-ex6-17">
				<Option output="/Users/xiaochen/project/cpp-study/cpp-prime/bin/c6-ex6-17" prefix_auto="0" extension_auto="0"/>
				<Option working_dir="/Users/xiaochen/project/cpp-study/cpp-prime/bin"/>
				<Option object_output="./"/>
				<Option type="1"/>
				<Option compiler="gcc"/>
				<Compiler/>
				<MakeCommands>
					<Build command="/usr/bin/make -f &quot;/Users/xiaochen/project/cpp-study/cpp-prime/Makefile&quot;  VERBOSE=1 c6-ex6-17"/>
					<CompileFile command="/usr/bin/make -f &quot;/Users/xiaochen/project/cpp-study/cpp-prime/Makefile&quot;  VERBOSE=1 &quot;$file&quot;"/>
					<Clean command="/usr/bin/make -f &quot;/Users/xiaochen/project/cpp-study/cpp-prime/Makefile&quot;  VERBOSE=1 clean"/>
					<DistClean command="/usr/bin/make -f &quot;/Users/xiaochen/project/cpp-study/cpp-prime/Makefile&quot;  VERBOSE=1 clean"/>
				</MakeCommands>
			</Target>
			<Target title="c6-ex6-17/fast">
				<Option output="/Users/xiaochen/project/cpp-study/cpp-prime/bin/c6-ex6-17" prefix_auto="0" extension_auto="0"/>
				<Option working_dir="/Users/xiaochen/project/cpp-study/cpp-prime/bin"/>
				<Option object_output="./"/>
				<Option type="1"/>
				<Option compiler="gcc"/>
				<Compiler/>
				<MakeCommands>
					<Build command="/usr/bin/make -f &quot;/Users/xiaochen/project/cpp-study/cpp-prime/Makefile&quot;  VERBOSE=1 c6-ex6-17/fast"/>
					<CompileFile command="/usr/bin/make -f &quot;/Users/xiaochen/project/cpp-study/cpp-prime/Makefile&quot;  VERBOSE=1 &quot;$file&quot;"/>
					<Clean command="/usr/bin/make -f &quot;/Users/xiaochen/project/cpp-study/cpp-prime/Makefile&quot;  VERBOSE=1 clean"/>
					<DistClean command="/usr/bin/make -f &quot;/Users/xiaochen/project/cpp-study/cpp-prime/Makefile&quot;  VERBOSE=1 clean"/>
				</MakeCommands>
			</Target>
			<Target title="c6-ex6-11">
				<Option output="/Users/xiaochen/project/cpp-study/cpp-prime/bin/c6-ex6-11" prefix_auto="0" extension_auto="0"/>
				<Option working_dir="/Users/xiaochen/project/cpp-study/cpp-prime/bin"/>
				<Option object_output="./"/>
				<Option type="1"/>
				<Option compiler="gcc"/>
				<Compiler/>
				<MakeCommands>
					<Build command="/usr/bin/make -f &quot;/Users/xiaochen/project/cpp-study/cpp-prime/Makefile&quot;  VERBOSE=1 c6-ex6-11"/>
					<CompileFile command="/usr/bin/make -f &quot;/Users/xiaochen/project/cpp-study/cpp-prime/Makefile&quot;  VERBOSE=1 &quot;$file&quot;"/>
					<Clean command="/usr/bin/make -f &quot;/Users/xiaochen/project/cpp-study/cpp-prime/Makefile&quot;  VERBOSE=1 clean"/>
					<DistClean command="/usr/bin/make -f &quot;/Users/xiaochen/project/cpp-study/cpp-prime/Makefile&quot;  VERBOSE=1 clean"/>
				</MakeCommands>
			</Target>
			<Target title="c6-ex6-11/fast">
				<Option output="/Users/xiaochen/project/cpp-study/cpp-prime/bin/c6-ex6-11" prefix_auto="0" extension_auto="0"/>
				<Option working_dir="/Users/xiaochen/project/cpp-study/cpp-prime/bin"/>
				<Option object_output="./"/>
				<Option type="1"/>
				<Option compiler="gcc"/>
				<Compiler/>
				<MakeCommands>
					<Build command="/usr/bin/make -f &quot;/Users/xiaochen/project/cpp-study/cpp-prime/Makefile&quot;  VERBOSE=1 c6-ex6-11/fast"/>
					<CompileFile command="/usr/bin/make -f &quot;/Users/xiaochen/project/cpp-study/cpp-prime/Makefile&quot;  VERBOSE=1 &quot;$file&quot;"/>
					<Clean command="/usr/bin/make -f &quot;/Users/xiaochen/project/cpp-study/cpp-prime/Makefile&quot;  VERBOSE=1 clean"/>
					<DistClean command="/usr/bin/make -f &quot;/Users/xiaochen/project/cpp-study/cpp-prime/Makefile&quot;  VERBOSE=1 clean"/>
				</MakeCommands>
			</Target>
			<Target title="c3-ex3-36">
				<Option output="/Users/xiaochen/project/cpp-study/cpp-prime/bin/c3-ex3-36" prefix_auto="0" extension_auto="0"/>
				<Option working_dir="/Users/xiaochen/project/cpp-study/cpp-prime/bin"/>
				<Option object_output="./"/>
				<Option type="1"/>
				<Option compiler="gcc"/>
				<Compiler/>
				<MakeCommands>
					<Build command="/usr/bin/make -f &quot;/Users/xiaochen/project/cpp-study/cpp-prime/Makefile&quot;  VERBOSE=1 c3-ex3-36"/>
					<CompileFile command="/usr/bin/make -f &quot;/Users/xiaochen/project/cpp-study/cpp-prime/Makefile&quot;  VERBOSE=1 &quot;$file&quot;"/>
					<Clean command="/usr/bin/make -f &quot;/Users/xiaochen/project/cpp-study/cpp-prime/Makefile&quot;  VERBOSE=1 clean"/>
					<DistClean command="/usr/bin/make -f &quot;/Users/xiaochen/project/cpp-study/cpp-prime/Makefile&quot;  VERBOSE=1 clean"/>
				</MakeCommands>
			</Target>
			<Target title="c3-ex3-36/fast">
				<Option output="/Users/xiaochen/project/cpp-study/cpp-prime/bin/c3-ex3-36" prefix_auto="0" extension_auto="0"/>
				<Option working_dir="/Users/xiaochen/project/cpp-study/cpp-prime/bin"/>
				<Option object_output="./"/>
				<Option type="1"/>
				<Option compiler="gcc"/>
				<Compiler/>
				<MakeCommands>
					<Build command="/usr/bin/make -f &quot;/Users/xiaochen/project/cpp-study/cpp-prime/Makefile&quot;  VERBOSE=1 c3-ex3-36/fast"/>
					<CompileFile command="/usr/bin/make -f &quot;/Users/xiaochen/project/cpp-study/cpp-prime/Makefile&quot;  VERBOSE=1 &quot;$file&quot;"/>
					<Clean command="/usr/bin/make -f &quot;/Users/xiaochen/project/cpp-study/cpp-prime/Makefile&quot;  VERBOSE=1 clean"/>
					<DistClean command="/usr/bin/make -f &quot;/Users/xiaochen/project/cpp-study/cpp-prime/Makefile&quot;  VERBOSE=1 clean"/>
				</MakeCommands>
			</Target>
			<Target title="c7-ex7-2">
				<Option output="/Users/xiaochen/project/cpp-study/cpp-prime/bin/c7-ex7-2" prefix_auto="0" extension_auto="0"/>
				<Option working_dir="/Users/xiaochen/project/cpp-study/cpp-prime/bin"/>
				<Option object_output="./"/>
				<Option type="1"/>
				<Option compiler="gcc"/>
				<Compiler/>
				<MakeCommands>
					<Build command="/usr/bin/make -f &quot;/Users/xiaochen/project/cpp-study/cpp-prime/Makefile&quot;  VERBOSE=1 c7-ex7-2"/>
					<CompileFile command="/usr/bin/make -f &quot;/Users/xiaochen/project/cpp-study/cpp-prime/Makefile&quot;  VERBOSE=1 &quot;$file&quot;"/>
					<Clean command="/usr/bin/make -f &quot;/Users/xiaochen/project/cpp-study/cpp-prime/Makefile&quot;  VERBOSE=1 clean"/>
					<DistClean command="/usr/bin/make -f &quot;/Users/xiaochen/project/cpp-study/cpp-prime/Makefile&quot;  VERBOSE=1 clean"/>
				</MakeCommands>
			</Target>
			<Target title="c7-ex7-2/fast">
				<Option output="/Users/xiaochen/project/cpp-study/cpp-prime/bin/c7-ex7-2" prefix_auto="0" extension_auto="0"/>
				<Option working_dir="/Users/xiaochen/project/cpp-study/cpp-prime/bin"/>
				<Option object_output="./"/>
				<Option type="1"/>
				<Option compiler="gcc"/>
				<Compiler/>
				<MakeCommands>
					<Build command="/usr/bin/make -f &quot;/Users/xiaochen/project/cpp-study/cpp-prime/Makefile&quot;  VERBOSE=1 c7-ex7-2/fast"/>
					<CompileFile command="/usr/bin/make -f &quot;/Users/xiaochen/project/cpp-study/cpp-prime/Makefile&quot;  VERBOSE=1 &quot;$file&quot;"/>
					<Clean command="/usr/bin/make -f &quot;/Users/xiaochen/project/cpp-study/cpp-prime/Makefile&quot;  VERBOSE=1 clean"/>
					<DistClean command="/usr/bin/make -f &quot;/Users/xiaochen/project/cpp-study/cpp-prime/Makefile&quot;  VERBOSE=1 clean"/>
				</MakeCommands>
			</Target>
			<Target title="c5-ex5-23">
				<Option output="/Users/xiaochen/project/cpp-study/cpp-prime/bin/c5-ex5-23" prefix_auto="0" extension_auto="0"/>
				<Option working_dir="/Users/xiaochen/project/cpp-study/cpp-prime/bin"/>
				<Option object_output="./"/>
				<Option type="1"/>
				<Option compiler="gcc"/>
				<Compiler/>
				<MakeCommands>
					<Build command="/usr/bin/make -f &quot;/Users/xiaochen/project/cpp-study/cpp-prime/Makefile&quot;  VERBOSE=1 c5-ex5-23"/>
					<CompileFile command="/usr/bin/make -f &quot;/Users/xiaochen/project/cpp-study/cpp-prime/Makefile&quot;  VERBOSE=1 &quot;$file&quot;"/>
					<Clean command="/usr/bin/make -f &quot;/Users/xiaochen/project/cpp-study/cpp-prime/Makefile&quot;  VERBOSE=1 clean"/>
					<DistClean command="/usr/bin/make -f &quot;/Users/xiaochen/project/cpp-study/cpp-prime/Makefile&quot;  VERBOSE=1 clean"/>
				</MakeCommands>
			</Target>
			<Target title="c5-ex5-23/fast">
				<Option output="/Users/xiaochen/project/cpp-study/cpp-prime/bin/c5-ex5-23" prefix_auto="0" extension_auto="0"/>
				<Option working_dir="/Users/xiaochen/project/cpp-study/cpp-prime/bin"/>
				<Option object_output="./"/>
				<Option type="1"/>
				<Option compiler="gcc"/>
				<Compiler/>
				<MakeCommands>
					<Build command="/usr/bin/make -f &quot;/Users/xiaochen/project/cpp-study/cpp-prime/Makefile&quot;  VERBOSE=1 c5-ex5-23/fast"/>
					<CompileFile command="/usr/bin/make -f &quot;/Users/xiaochen/project/cpp-study/cpp-prime/Makefile&quot;  VERBOSE=1 &quot;$file&quot;"/>
					<Clean command="/usr/bin/make -f &quot;/Users/xiaochen/project/cpp-study/cpp-prime/Makefile&quot;  VERBOSE=1 clean"/>
					<DistClean command="/usr/bin/make -f &quot;/Users/xiaochen/project/cpp-study/cpp-prime/Makefile&quot;  VERBOSE=1 clean"/>
				</MakeCommands>
			</Target>
			<Target title="c6-ex6-55">
				<Option output="/Users/xiaochen/project/cpp-study/cpp-prime/bin/c6-ex6-55" prefix_auto="0" extension_auto="0"/>
				<Option working_dir="/Users/xiaochen/project/cpp-study/cpp-prime/bin"/>
				<Option object_output="./"/>
				<Option type="1"/>
				<Option compiler="gcc"/>
				<Compiler/>
				<MakeCommands>
					<Build command="/usr/bin/make -f &quot;/Users/xiaochen/project/cpp-study/cpp-prime/Makefile&quot;  VERBOSE=1 c6-ex6-55"/>
					<CompileFile command="/usr/bin/make -f &quot;/Users/xiaochen/project/cpp-study/cpp-prime/Makefile&quot;  VERBOSE=1 &quot;$file&quot;"/>
					<Clean command="/usr/bin/make -f &quot;/Users/xiaochen/project/cpp-study/cpp-prime/Makefile&quot;  VERBOSE=1 clean"/>
					<DistClean command="/usr/bin/make -f &quot;/Users/xiaochen/project/cpp-study/cpp-prime/Makefile&quot;  VERBOSE=1 clean"/>
				</MakeCommands>
			</Target>
			<Target title="c6-ex6-55/fast">
				<Option output="/Users/xiaochen/project/cpp-study/cpp-prime/bin/c6-ex6-55" prefix_auto="0" extension_auto="0"/>
				<Option working_dir="/Users/xiaochen/project/cpp-study/cpp-prime/bin"/>
				<Option object_output="./"/>
				<Option type="1"/>
				<Option compiler="gcc"/>
				<Compiler/>
				<MakeCommands>
					<Build command="/usr/bin/make -f &quot;/Users/xiaochen/project/cpp-study/cpp-prime/Makefile&quot;  VERBOSE=1 c6-ex6-55/fast"/>
					<CompileFile command="/usr/bin/make -f &quot;/Users/xiaochen/project/cpp-study/cpp-prime/Makefile&quot;  VERBOSE=1 &quot;$file&quot;"/>
					<Clean command="/usr/bin/make -f &quot;/Users/xiaochen/project/cpp-study/cpp-prime/Makefile&quot;  VERBOSE=1 clean"/>
					<DistClean command="/usr/bin/make -f &quot;/Users/xiaochen/project/cpp-study/cpp-prime/Makefile&quot;  VERBOSE=1 clean"/>
				</MakeCommands>
			</Target>
			<Target title="c4-expressions">
				<Option output="/Users/xiaochen/project/cpp-study/cpp-prime/bin/c4-expressions" prefix_auto="0" extension_auto="0"/>
				<Option working_dir="/Users/xiaochen/project/cpp-study/cpp-prime/bin"/>
				<Option object_output="./"/>
				<Option type="1"/>
				<Option compiler="gcc"/>
				<Compiler/>
				<MakeCommands>
					<Build command="/usr/bin/make -f &quot;/Users/xiaochen/project/cpp-study/cpp-prime/Makefile&quot;  VERBOSE=1 c4-expressions"/>
					<CompileFile command="/usr/bin/make -f &quot;/Users/xiaochen/project/cpp-study/cpp-prime/Makefile&quot;  VERBOSE=1 &quot;$file&quot;"/>
					<Clean command="/usr/bin/make -f &quot;/Users/xiaochen/project/cpp-study/cpp-prime/Makefile&quot;  VERBOSE=1 clean"/>
					<DistClean command="/usr/bin/make -f &quot;/Users/xiaochen/project/cpp-study/cpp-prime/Makefile&quot;  VERBOSE=1 clean"/>
				</MakeCommands>
			</Target>
			<Target title="c4-expressions/fast">
				<Option output="/Users/xiaochen/project/cpp-study/cpp-prime/bin/c4-expressions" prefix_auto="0" extension_auto="0"/>
				<Option working_dir="/Users/xiaochen/project/cpp-study/cpp-prime/bin"/>
				<Option object_output="./"/>
				<Option type="1"/>
				<Option compiler="gcc"/>
				<Compiler/>
				<MakeCommands>
					<Build command="/usr/bin/make -f &quot;/Users/xiaochen/project/cpp-study/cpp-prime/Makefile&quot;  VERBOSE=1 c4-expressions/fast"/>
					<CompileFile command="/usr/bin/make -f &quot;/Users/xiaochen/project/cpp-study/cpp-prime/Makefile&quot;  VERBOSE=1 &quot;$file&quot;"/>
					<Clean command="/usr/bin/make -f &quot;/Users/xiaochen/project/cpp-study/cpp-prime/Makefile&quot;  VERBOSE=1 clean"/>
					<DistClean command="/usr/bin/make -f &quot;/Users/xiaochen/project/cpp-study/cpp-prime/Makefile&quot;  VERBOSE=1 clean"/>
				</MakeCommands>
			</Target>
			<Target title="c3-vector">
				<Option output="/Users/xiaochen/project/cpp-study/cpp-prime/bin/c3-vector" prefix_auto="0" extension_auto="0"/>
				<Option working_dir="/Users/xiaochen/project/cpp-study/cpp-prime/bin"/>
				<Option object_output="./"/>
				<Option type="1"/>
				<Option compiler="gcc"/>
				<Compiler/>
				<MakeCommands>
					<Build command="/usr/bin/make -f &quot;/Users/xiaochen/project/cpp-study/cpp-prime/Makefile&quot;  VERBOSE=1 c3-vector"/>
					<CompileFile command="/usr/bin/make -f &quot;/Users/xiaochen/project/cpp-study/cpp-prime/Makefile&quot;  VERBOSE=1 &quot;$file&quot;"/>
					<Clean command="/usr/bin/make -f &quot;/Users/xiaochen/project/cpp-study/cpp-prime/Makefile&quot;  VERBOSE=1 clean"/>
					<DistClean command="/usr/bin/make -f &quot;/Users/xiaochen/project/cpp-study/cpp-prime/Makefile&quot;  VERBOSE=1 clean"/>
				</MakeCommands>
			</Target>
			<Target title="c3-vector/fast">
				<Option output="/Users/xiaochen/project/cpp-study/cpp-prime/bin/c3-vector" prefix_auto="0" extension_auto="0"/>
				<Option working_dir="/Users/xiaochen/project/cpp-study/cpp-prime/bin"/>
				<Option object_output="./"/>
				<Option type="1"/>
				<Option compiler="gcc"/>
				<Compiler/>
				<MakeCommands>
					<Build command="/usr/bin/make -f &quot;/Users/xiaochen/project/cpp-study/cpp-prime/Makefile&quot;  VERBOSE=1 c3-vector/fast"/>
					<CompileFile command="/usr/bin/make -f &quot;/Users/xiaochen/project/cpp-study/cpp-prime/Makefile&quot;  VERBOSE=1 &quot;$file&quot;"/>
					<Clean command="/usr/bin/make -f &quot;/Users/xiaochen/project/cpp-study/cpp-prime/Makefile&quot;  VERBOSE=1 clean"/>
					<DistClean command="/usr/bin/make -f &quot;/Users/xiaochen/project/cpp-study/cpp-prime/Makefile&quot;  VERBOSE=1 clean"/>
				</MakeCommands>
			</Target>
			<Target title="edit_cache">
				<Option working_dir="/Users/xiaochen/project/cpp-study/cpp-prime"/>
				<Option type="4"/>
				<MakeCommands>
					<Build command="/usr/bin/make -f &quot;/Users/xiaochen/project/cpp-study/cpp-prime/Makefile&quot;  VERBOSE=1 edit_cache"/>
					<CompileFile command="/usr/bin/make -f &quot;/Users/xiaochen/project/cpp-study/cpp-prime/Makefile&quot;  VERBOSE=1 &quot;$file&quot;"/>
					<Clean command="/usr/bin/make -f &quot;/Users/xiaochen/project/cpp-study/cpp-prime/Makefile&quot;  VERBOSE=1 clean"/>
					<DistClean command="/usr/bin/make -f &quot;/Users/xiaochen/project/cpp-study/cpp-prime/Makefile&quot;  VERBOSE=1 clean"/>
				</MakeCommands>
			</Target>
			<Target title="c2-ex2-33">
				<Option output="/Users/xiaochen/project/cpp-study/cpp-prime/bin/c2-ex2-33" prefix_auto="0" extension_auto="0"/>
				<Option working_dir="/Users/xiaochen/project/cpp-study/cpp-prime/bin"/>
				<Option object_output="./"/>
				<Option type="1"/>
				<Option compiler="gcc"/>
				<Compiler/>
				<MakeCommands>
					<Build command="/usr/bin/make -f &quot;/Users/xiaochen/project/cpp-study/cpp-prime/Makefile&quot;  VERBOSE=1 c2-ex2-33"/>
					<CompileFile command="/usr/bin/make -f &quot;/Users/xiaochen/project/cpp-study/cpp-prime/Makefile&quot;  VERBOSE=1 &quot;$file&quot;"/>
					<Clean command="/usr/bin/make -f &quot;/Users/xiaochen/project/cpp-study/cpp-prime/Makefile&quot;  VERBOSE=1 clean"/>
					<DistClean command="/usr/bin/make -f &quot;/Users/xiaochen/project/cpp-study/cpp-prime/Makefile&quot;  VERBOSE=1 clean"/>
				</MakeCommands>
			</Target>
			<Target title="c2-ex2-33/fast">
				<Option output="/Users/xiaochen/project/cpp-study/cpp-prime/bin/c2-ex2-33" prefix_auto="0" extension_auto="0"/>
				<Option working_dir="/Users/xiaochen/project/cpp-study/cpp-prime/bin"/>
				<Option object_output="./"/>
				<Option type="1"/>
				<Option compiler="gcc"/>
				<Compiler/>
				<MakeCommands>
					<Build command="/usr/bin/make -f &quot;/Users/xiaochen/project/cpp-study/cpp-prime/Makefile&quot;  VERBOSE=1 c2-ex2-33/fast"/>
					<CompileFile command="/usr/bin/make -f &quot;/Users/xiaochen/project/cpp-study/cpp-prime/Makefile&quot;  VERBOSE=1 &quot;$file&quot;"/>
					<Clean command="/usr/bin/make -f &quot;/Users/xiaochen/project/cpp-study/cpp-prime/Makefile&quot;  VERBOSE=1 clean"/>
					<DistClean command="/usr/bin/make -f &quot;/Users/xiaochen/project/cpp-study/cpp-prime/Makefile&quot;  VERBOSE=1 clean"/>
				</MakeCommands>
			</Target>
			<Target title="c3-ex3-9">
				<Option output="/Users/xiaochen/project/cpp-study/cpp-prime/bin/c3-ex3-9" prefix_auto="0" extension_auto="0"/>
				<Option working_dir="/Users/xiaochen/project/cpp-study/cpp-prime/bin"/>
				<Option object_output="./"/>
				<Option type="1"/>
				<Option compiler="gcc"/>
				<Compiler/>
				<MakeCommands>
					<Build command="/usr/bin/make -f &quot;/Users/xiaochen/project/cpp-study/cpp-prime/Makefile&quot;  VERBOSE=1 c3-ex3-9"/>
					<CompileFile command="/usr/bin/make -f &quot;/Users/xiaochen/project/cpp-study/cpp-prime/Makefile&quot;  VERBOSE=1 &quot;$file&quot;"/>
					<Clean command="/usr/bin/make -f &quot;/Users/xiaochen/project/cpp-study/cpp-prime/Makefile&quot;  VERBOSE=1 clean"/>
					<DistClean command="/usr/bin/make -f &quot;/Users/xiaochen/project/cpp-study/cpp-prime/Makefile&quot;  VERBOSE=1 clean"/>
				</MakeCommands>
			</Target>
			<Target title="c3-ex3-9/fast">
				<Option output="/Users/xiaochen/project/cpp-study/cpp-prime/bin/c3-ex3-9" prefix_auto="0" extension_auto="0"/>
				<Option working_dir="/Users/xiaochen/project/cpp-study/cpp-prime/bin"/>
				<Option object_output="./"/>
				<Option type="1"/>
				<Option compiler="gcc"/>
				<Compiler/>
				<MakeCommands>
					<Build command="/usr/bin/make -f &quot;/Users/xiaochen/project/cpp-study/cpp-prime/Makefile&quot;  VERBOSE=1 c3-ex3-9/fast"/>
					<CompileFile command="/usr/bin/make -f &quot;/Users/xiaochen/project/cpp-study/cpp-prime/Makefile&quot;  VERBOSE=1 &quot;$file&quot;"/>
					<Clean command="/usr/bin/make -f &quot;/Users/xiaochen/project/cpp-study/cpp-prime/Makefile&quot;  VERBOSE=1 clean"/>
					<DistClean command="/usr/bin/make -f &quot;/Users/xiaochen/project/cpp-study/cpp-prime/Makefile&quot;  VERBOSE=1 clean"/>
				</MakeCommands>
			</Target>
			<Target title="c7-ex7-15">
				<Option output="/Users/xiaochen/project/cpp-study/cpp-prime/bin/c7-ex7-15" prefix_auto="0" extension_auto="0"/>
				<Option working_dir="/Users/xiaochen/project/cpp-study/cpp-prime/bin"/>
				<Option object_output="./"/>
				<Option type="1"/>
				<Option compiler="gcc"/>
				<Compiler/>
				<MakeCommands>
					<Build command="/usr/bin/make -f &quot;/Users/xiaochen/project/cpp-study/cpp-prime/Makefile&quot;  VERBOSE=1 c7-ex7-15"/>
					<CompileFile command="/usr/bin/make -f &quot;/Users/xiaochen/project/cpp-study/cpp-prime/Makefile&quot;  VERBOSE=1 &quot;$file&quot;"/>
					<Clean command="/usr/bin/make -f &quot;/Users/xiaochen/project/cpp-study/cpp-prime/Makefile&quot;  VERBOSE=1 clean"/>
					<DistClean command="/usr/bin/make -f &quot;/Users/xiaochen/project/cpp-study/cpp-prime/Makefile&quot;  VERBOSE=1 clean"/>
				</MakeCommands>
			</Target>
			<Target title="c7-ex7-15/fast">
				<Option output="/Users/xiaochen/project/cpp-study/cpp-prime/bin/c7-ex7-15" prefix_auto="0" extension_auto="0"/>
				<Option working_dir="/Users/xiaochen/project/cpp-study/cpp-prime/bin"/>
				<Option object_output="./"/>
				<Option type="1"/>
				<Option compiler="gcc"/>
				<Compiler/>
				<MakeCommands>
					<Build command="/usr/bin/make -f &quot;/Users/xiaochen/project/cpp-study/cpp-prime/Makefile&quot;  VERBOSE=1 c7-ex7-15/fast"/>
					<CompileFile command="/usr/bin/make -f &quot;/Users/xiaochen/project/cpp-study/cpp-prime/Makefile&quot;  VERBOSE=1 &quot;$file&quot;"/>
					<Clean command="/usr/bin/make -f &quot;/Users/xiaochen/project/cpp-study/cpp-prime/Makefile&quot;  VERBOSE=1 clean"/>
					<DistClean command="/usr/bin/make -f &quot;/Users/xiaochen/project/cpp-study/cpp-prime/Makefile&quot;  VERBOSE=1 clean"/>
				</MakeCommands>
			</Target>
			<Target title="c6-ex6-21">
				<Option output="/Users/xiaochen/project/cpp-study/cpp-prime/bin/c6-ex6-21" prefix_auto="0" extension_auto="0"/>
				<Option working_dir="/Users/xiaochen/project/cpp-study/cpp-prime/bin"/>
				<Option object_output="./"/>
				<Option type="1"/>
				<Option compiler="gcc"/>
				<Compiler/>
				<MakeCommands>
					<Build command="/usr/bin/make -f &quot;/Users/xiaochen/project/cpp-study/cpp-prime/Makefile&quot;  VERBOSE=1 c6-ex6-21"/>
					<CompileFile command="/usr/bin/make -f &quot;/Users/xiaochen/project/cpp-study/cpp-prime/Makefile&quot;  VERBOSE=1 &quot;$file&quot;"/>
					<Clean command="/usr/bin/make -f &quot;/Users/xiaochen/project/cpp-study/cpp-prime/Makefile&quot;  VERBOSE=1 clean"/>
					<DistClean command="/usr/bin/make -f &quot;/Users/xiaochen/project/cpp-study/cpp-prime/Makefile&quot;  VERBOSE=1 clean"/>
				</MakeCommands>
			</Target>
			<Target title="c6-ex6-21/fast">
				<Option output="/Users/xiaochen/project/cpp-study/cpp-prime/bin/c6-ex6-21" prefix_auto="0" extension_auto="0"/>
				<Option working_dir="/Users/xiaochen/project/cpp-study/cpp-prime/bin"/>
				<Option object_output="./"/>
				<Option type="1"/>
				<Option compiler="gcc"/>
				<Compiler/>
				<MakeCommands>
					<Build command="/usr/bin/make -f &quot;/Users/xiaochen/project/cpp-study/cpp-prime/Makefile&quot;  VERBOSE=1 c6-ex6-21/fast"/>
					<CompileFile command="/usr/bin/make -f &quot;/Users/xiaochen/project/cpp-study/cpp-prime/Makefile&quot;  VERBOSE=1 &quot;$file&quot;"/>
					<Clean command="/usr/bin/make -f &quot;/Users/xiaochen/project/cpp-study/cpp-prime/Makefile&quot;  VERBOSE=1 clean"/>
					<DistClean command="/usr/bin/make -f &quot;/Users/xiaochen/project/cpp-study/cpp-prime/Makefile&quot;  VERBOSE=1 clean"/>
				</MakeCommands>
			</Target>
			<Target title="c2-ex2-20">
				<Option output="/Users/xiaochen/project/cpp-study/cpp-prime/bin/c2-ex2-20" prefix_auto="0" extension_auto="0"/>
				<Option working_dir="/Users/xiaochen/project/cpp-study/cpp-prime/bin"/>
				<Option object_output="./"/>
				<Option type="1"/>
				<Option compiler="gcc"/>
				<Compiler/>
				<MakeCommands>
					<Build command="/usr/bin/make -f &quot;/Users/xiaochen/project/cpp-study/cpp-prime/Makefile&quot;  VERBOSE=1 c2-ex2-20"/>
					<CompileFile command="/usr/bin/make -f &quot;/Users/xiaochen/project/cpp-study/cpp-prime/Makefile&quot;  VERBOSE=1 &quot;$file&quot;"/>
					<Clean command="/usr/bin/make -f &quot;/Users/xiaochen/project/cpp-study/cpp-prime/Makefile&quot;  VERBOSE=1 clean"/>
					<DistClean command="/usr/bin/make -f &quot;/Users/xiaochen/project/cpp-study/cpp-prime/Makefile&quot;  VERBOSE=1 clean"/>
				</MakeCommands>
			</Target>
			<Target title="c2-ex2-20/fast">
				<Option output="/Users/xiaochen/project/cpp-study/cpp-prime/bin/c2-ex2-20" prefix_auto="0" extension_auto="0"/>
				<Option working_dir="/Users/xiaochen/project/cpp-study/cpp-prime/bin"/>
				<Option object_output="./"/>
				<Option type="1"/>
				<Option compiler="gcc"/>
				<Compiler/>
				<MakeCommands>
					<Build command="/usr/bin/make -f &quot;/Users/xiaochen/project/cpp-study/cpp-prime/Makefile&quot;  VERBOSE=1 c2-ex2-20/fast"/>
					<CompileFile command="/usr/bin/make -f &quot;/Users/xiaochen/project/cpp-study/cpp-prime/Makefile&quot;  VERBOSE=1 &quot;$file&quot;"/>
					<Clean command="/usr/bin/make -f &quot;/Users/xiaochen/project/cpp-study/cpp-prime/Makefile&quot;  VERBOSE=1 clean"/>
					<DistClean command="/usr/bin/make -f &quot;/Users/xiaochen/project/cpp-study/cpp-prime/Makefile&quot;  VERBOSE=1 clean"/>
				</MakeCommands>
			</Target>
			<Target title="c3-ex3-17">
				<Option output="/Users/xiaochen/project/cpp-study/cpp-prime/bin/c3-ex3-17" prefix_auto="0" extension_auto="0"/>
				<Option working_dir="/Users/xiaochen/project/cpp-study/cpp-prime/bin"/>
				<Option object_output="./"/>
				<Option type="1"/>
				<Option compiler="gcc"/>
				<Compiler/>
				<MakeCommands>
					<Build command="/usr/bin/make -f &quot;/Users/xiaochen/project/cpp-study/cpp-prime/Makefile&quot;  VERBOSE=1 c3-ex3-17"/>
					<CompileFile command="/usr/bin/make -f &quot;/Users/xiaochen/project/cpp-study/cpp-prime/Makefile&quot;  VERBOSE=1 &quot;$file&quot;"/>
					<Clean command="/usr/bin/make -f &quot;/Users/xiaochen/project/cpp-study/cpp-prime/Makefile&quot;  VERBOSE=1 clean"/>
					<DistClean command="/usr/bin/make -f &quot;/Users/xiaochen/project/cpp-study/cpp-prime/Makefile&quot;  VERBOSE=1 clean"/>
				</MakeCommands>
			</Target>
			<Target title="c3-ex3-17/fast">
				<Option output="/Users/xiaochen/project/cpp-study/cpp-prime/bin/c3-ex3-17" prefix_auto="0" extension_auto="0"/>
				<Option working_dir="/Users/xiaochen/project/cpp-study/cpp-prime/bin"/>
				<Option object_output="./"/>
				<Option type="1"/>
				<Option compiler="gcc"/>
				<Compiler/>
				<MakeCommands>
					<Build command="/usr/bin/make -f &quot;/Users/xiaochen/project/cpp-study/cpp-prime/Makefile&quot;  VERBOSE=1 c3-ex3-17/fast"/>
					<CompileFile command="/usr/bin/make -f &quot;/Users/xiaochen/project/cpp-study/cpp-prime/Makefile&quot;  VERBOSE=1 &quot;$file&quot;"/>
					<Clean command="/usr/bin/make -f &quot;/Users/xiaochen/project/cpp-study/cpp-prime/Makefile&quot;  VERBOSE=1 clean"/>
					<DistClean command="/usr/bin/make -f &quot;/Users/xiaochen/project/cpp-study/cpp-prime/Makefile&quot;  VERBOSE=1 clean"/>
				</MakeCommands>
			</Target>
			<Target title="c3-ex3-44">
				<Option output="/Users/xiaochen/project/cpp-study/cpp-prime/bin/c3-ex3-44" prefix_auto="0" extension_auto="0"/>
				<Option working_dir="/Users/xiaochen/project/cpp-study/cpp-prime/bin"/>
				<Option object_output="./"/>
				<Option type="1"/>
				<Option compiler="gcc"/>
				<Compiler/>
				<MakeCommands>
					<Build command="/usr/bin/make -f &quot;/Users/xiaochen/project/cpp-study/cpp-prime/Makefile&quot;  VERBOSE=1 c3-ex3-44"/>
					<CompileFile command="/usr/bin/make -f &quot;/Users/xiaochen/project/cpp-study/cpp-prime/Makefile&quot;  VERBOSE=1 &quot;$file&quot;"/>
					<Clean command="/usr/bin/make -f &quot;/Users/xiaochen/project/cpp-study/cpp-prime/Makefile&quot;  VERBOSE=1 clean"/>
					<DistClean command="/usr/bin/make -f &quot;/Users/xiaochen/project/cpp-study/cpp-prime/Makefile&quot;  VERBOSE=1 clean"/>
				</MakeCommands>
			</Target>
			<Target title="c3-ex3-44/fast">
				<Option output="/Users/xiaochen/project/cpp-study/cpp-prime/bin/c3-ex3-44" prefix_auto="0" extension_auto="0"/>
				<Option working_dir="/Users/xiaochen/project/cpp-study/cpp-prime/bin"/>
				<Option object_output="./"/>
				<Option type="1"/>
				<Option compiler="gcc"/>
				<Compiler/>
				<MakeCommands>
					<Build command="/usr/bin/make -f &quot;/Users/xiaochen/project/cpp-study/cpp-prime/Makefile&quot;  VERBOSE=1 c3-ex3-44/fast"/>
					<CompileFile command="/usr/bin/make -f &quot;/Users/xiaochen/project/cpp-study/cpp-prime/Makefile&quot;  VERBOSE=1 &quot;$file&quot;"/>
					<Clean command="/usr/bin/make -f &quot;/Users/xiaochen/project/cpp-study/cpp-prime/Makefile&quot;  VERBOSE=1 clean"/>
					<DistClean command="/usr/bin/make -f &quot;/Users/xiaochen/project/cpp-study/cpp-prime/Makefile&quot;  VERBOSE=1 clean"/>
				</MakeCommands>
			</Target>
			<Target title="c6-ex6-37">
				<Option output="/Users/xiaochen/project/cpp-study/cpp-prime/bin/c6-ex6-37" prefix_auto="0" extension_auto="0"/>
				<Option working_dir="/Users/xiaochen/project/cpp-study/cpp-prime/bin"/>
				<Option object_output="./"/>
				<Option type="1"/>
				<Option compiler="gcc"/>
				<Compiler/>
				<MakeCommands>
					<Build command="/usr/bin/make -f &quot;/Users/xiaochen/project/cpp-study/cpp-prime/Makefile&quot;  VERBOSE=1 c6-ex6-37"/>
					<CompileFile command="/usr/bin/make -f &quot;/Users/xiaochen/project/cpp-study/cpp-prime/Makefile&quot;  VERBOSE=1 &quot;$file&quot;"/>
					<Clean command="/usr/bin/make -f &quot;/Users/xiaochen/project/cpp-study/cpp-prime/Makefile&quot;  VERBOSE=1 clean"/>
					<DistClean command="/usr/bin/make -f &quot;/Users/xiaochen/project/cpp-study/cpp-prime/Makefile&quot;  VERBOSE=1 clean"/>
				</MakeCommands>
			</Target>
			<Target title="c6-ex6-37/fast">
				<Option output="/Users/xiaochen/project/cpp-study/cpp-prime/bin/c6-ex6-37" prefix_auto="0" extension_auto="0"/>
				<Option working_dir="/Users/xiaochen/project/cpp-study/cpp-prime/bin"/>
				<Option object_output="./"/>
				<Option type="1"/>
				<Option compiler="gcc"/>
				<Compiler/>
				<MakeCommands>
					<Build command="/usr/bin/make -f &quot;/Users/xiaochen/project/cpp-study/cpp-prime/Makefile&quot;  VERBOSE=1 c6-ex6-37/fast"/>
					<CompileFile command="/usr/bin/make -f &quot;/Users/xiaochen/project/cpp-study/cpp-prime/Makefile&quot;  VERBOSE=1 &quot;$file&quot;"/>
					<Clean command="/usr/bin/make -f &quot;/Users/xiaochen/project/cpp-study/cpp-prime/Makefile&quot;  VERBOSE=1 clean"/>
					<DistClean command="/usr/bin/make -f &quot;/Users/xiaochen/project/cpp-study/cpp-prime/Makefile&quot;  VERBOSE=1 clean"/>
				</MakeCommands>
			</Target>
			<Target title="c3-ex3-40">
				<Option output="/Users/xiaochen/project/cpp-study/cpp-prime/bin/c3-ex3-40" prefix_auto="0" extension_auto="0"/>
				<Option working_dir="/Users/xiaochen/project/cpp-study/cpp-prime/bin"/>
				<Option object_output="./"/>
				<Option type="1"/>
				<Option compiler="gcc"/>
				<Compiler/>
				<MakeCommands>
					<Build command="/usr/bin/make -f &quot;/Users/xiaochen/project/cpp-study/cpp-prime/Makefile&quot;  VERBOSE=1 c3-ex3-40"/>
					<CompileFile command="/usr/bin/make -f &quot;/Users/xiaochen/project/cpp-study/cpp-prime/Makefile&quot;  VERBOSE=1 &quot;$file&quot;"/>
					<Clean command="/usr/bin/make -f &quot;/Users/xiaochen/project/cpp-study/cpp-prime/Makefile&quot;  VERBOSE=1 clean"/>
					<DistClean command="/usr/bin/make -f &quot;/Users/xiaochen/project/cpp-study/cpp-prime/Makefile&quot;  VERBOSE=1 clean"/>
				</MakeCommands>
			</Target>
			<Target title="c3-ex3-40/fast">
				<Option output="/Users/xiaochen/project/cpp-study/cpp-prime/bin/c3-ex3-40" prefix_auto="0" extension_auto="0"/>
				<Option working_dir="/Users/xiaochen/project/cpp-study/cpp-prime/bin"/>
				<Option object_output="./"/>
				<Option type="1"/>
				<Option compiler="gcc"/>
				<Compiler/>
				<MakeCommands>
					<Build command="/usr/bin/make -f &quot;/Users/xiaochen/project/cpp-study/cpp-prime/Makefile&quot;  VERBOSE=1 c3-ex3-40/fast"/>
					<CompileFile command="/usr/bin/make -f &quot;/Users/xiaochen/project/cpp-study/cpp-prime/Makefile&quot;  VERBOSE=1 &quot;$file&quot;"/>
					<Clean command="/usr/bin/make -f &quot;/Users/xiaochen/project/cpp-study/cpp-prime/Makefile&quot;  VERBOSE=1 clean"/>
					<DistClean command="/usr/bin/make -f &quot;/Users/xiaochen/project/cpp-study/cpp-prime/Makefile&quot;  VERBOSE=1 clean"/>
				</MakeCommands>
			</Target>
			<Target title="c3-ex3-19">
				<Option output="/Users/xiaochen/project/cpp-study/cpp-prime/bin/c3-ex3-19" prefix_auto="0" extension_auto="0"/>
				<Option working_dir="/Users/xiaochen/project/cpp-study/cpp-prime/bin"/>
				<Option object_output="./"/>
				<Option type="1"/>
				<Option compiler="gcc"/>
				<Compiler/>
				<MakeCommands>
					<Build command="/usr/bin/make -f &quot;/Users/xiaochen/project/cpp-study/cpp-prime/Makefile&quot;  VERBOSE=1 c3-ex3-19"/>
					<CompileFile command="/usr/bin/make -f &quot;/Users/xiaochen/project/cpp-study/cpp-prime/Makefile&quot;  VERBOSE=1 &quot;$file&quot;"/>
					<Clean command="/usr/bin/make -f &quot;/Users/xiaochen/project/cpp-study/cpp-prime/Makefile&quot;  VERBOSE=1 clean"/>
					<DistClean command="/usr/bin/make -f &quot;/Users/xiaochen/project/cpp-study/cpp-prime/Makefile&quot;  VERBOSE=1 clean"/>
				</MakeCommands>
			</Target>
			<Target title="c3-ex3-19/fast">
				<Option output="/Users/xiaochen/project/cpp-study/cpp-prime/bin/c3-ex3-19" prefix_auto="0" extension_auto="0"/>
				<Option working_dir="/Users/xiaochen/project/cpp-study/cpp-prime/bin"/>
				<Option object_output="./"/>
				<Option type="1"/>
				<Option compiler="gcc"/>
				<Compiler/>
				<MakeCommands>
					<Build command="/usr/bin/make -f &quot;/Users/xiaochen/project/cpp-study/cpp-prime/Makefile&quot;  VERBOSE=1 c3-ex3-19/fast"/>
					<CompileFile command="/usr/bin/make -f &quot;/Users/xiaochen/project/cpp-study/cpp-prime/Makefile&quot;  VERBOSE=1 &quot;$file&quot;"/>
					<Clean command="/usr/bin/make -f &quot;/Users/xiaochen/project/cpp-study/cpp-prime/Makefile&quot;  VERBOSE=1 clean"/>
					<DistClean command="/usr/bin/make -f &quot;/Users/xiaochen/project/cpp-study/cpp-prime/Makefile&quot;  VERBOSE=1 clean"/>
				</MakeCommands>
			</Target>
			<Target title="c2-ex2-18">
				<Option output="/Users/xiaochen/project/cpp-study/cpp-prime/bin/c2-ex2-18" prefix_auto="0" extension_auto="0"/>
				<Option working_dir="/Users/xiaochen/project/cpp-study/cpp-prime/bin"/>
				<Option object_output="./"/>
				<Option type="1"/>
				<Option compiler="gcc"/>
				<Compiler/>
				<MakeCommands>
					<Build command="/usr/bin/make -f &quot;/Users/xiaochen/project/cpp-study/cpp-prime/Makefile&quot;  VERBOSE=1 c2-ex2-18"/>
					<CompileFile command="/usr/bin/make -f &quot;/Users/xiaochen/project/cpp-study/cpp-prime/Makefile&quot;  VERBOSE=1 &quot;$file&quot;"/>
					<Clean command="/usr/bin/make -f &quot;/Users/xiaochen/project/cpp-study/cpp-prime/Makefile&quot;  VERBOSE=1 clean"/>
					<DistClean command="/usr/bin/make -f &quot;/Users/xiaochen/project/cpp-study/cpp-prime/Makefile&quot;  VERBOSE=1 clean"/>
				</MakeCommands>
			</Target>
			<Target title="c2-ex2-18/fast">
				<Option output="/Users/xiaochen/project/cpp-study/cpp-prime/bin/c2-ex2-18" prefix_auto="0" extension_auto="0"/>
				<Option working_dir="/Users/xiaochen/project/cpp-study/cpp-prime/bin"/>
				<Option object_output="./"/>
				<Option type="1"/>
				<Option compiler="gcc"/>
				<Compiler/>
				<MakeCommands>
					<Build command="/usr/bin/make -f &quot;/Users/xiaochen/project/cpp-study/cpp-prime/Makefile&quot;  VERBOSE=1 c2-ex2-18/fast"/>
					<CompileFile command="/usr/bin/make -f &quot;/Users/xiaochen/project/cpp-study/cpp-prime/Makefile&quot;  VERBOSE=1 &quot;$file&quot;"/>
					<Clean command="/usr/bin/make -f &quot;/Users/xiaochen/project/cpp-study/cpp-prime/Makefile&quot;  VERBOSE=1 clean"/>
					<DistClean command="/usr/bin/make -f &quot;/Users/xiaochen/project/cpp-study/cpp-prime/Makefile&quot;  VERBOSE=1 clean"/>
				</MakeCommands>
			</Target>
			<Target title="c2-const">
				<Option output="/Users/xiaochen/project/cpp-study/cpp-prime/bin/c2-const" prefix_auto="0" extension_auto="0"/>
				<Option working_dir="/Users/xiaochen/project/cpp-study/cpp-prime/bin"/>
				<Option object_output="./"/>
				<Option type="1"/>
				<Option compiler="gcc"/>
				<Compiler/>
				<MakeCommands>
					<Build command="/usr/bin/make -f &quot;/Users/xiaochen/project/cpp-study/cpp-prime/Makefile&quot;  VERBOSE=1 c2-const"/>
					<CompileFile command="/usr/bin/make -f &quot;/Users/xiaochen/project/cpp-study/cpp-prime/Makefile&quot;  VERBOSE=1 &quot;$file&quot;"/>
					<Clean command="/usr/bin/make -f &quot;/Users/xiaochen/project/cpp-study/cpp-prime/Makefile&quot;  VERBOSE=1 clean"/>
					<DistClean command="/usr/bin/make -f &quot;/Users/xiaochen/project/cpp-study/cpp-prime/Makefile&quot;  VERBOSE=1 clean"/>
				</MakeCommands>
			</Target>
			<Target title="c2-const/fast">
				<Option output="/Users/xiaochen/project/cpp-study/cpp-prime/bin/c2-const" prefix_auto="0" extension_auto="0"/>
				<Option working_dir="/Users/xiaochen/project/cpp-study/cpp-prime/bin"/>
				<Option object_output="./"/>
				<Option type="1"/>
				<Option compiler="gcc"/>
				<Compiler/>
				<MakeCommands>
					<Build command="/usr/bin/make -f &quot;/Users/xiaochen/project/cpp-study/cpp-prime/Makefile&quot;  VERBOSE=1 c2-const/fast"/>
					<CompileFile command="/usr/bin/make -f &quot;/Users/xiaochen/project/cpp-study/cpp-prime/Makefile&quot;  VERBOSE=1 &quot;$file&quot;"/>
					<Clean command="/usr/bin/make -f &quot;/Users/xiaochen/project/cpp-study/cpp-prime/Makefile&quot;  VERBOSE=1 clean"/>
					<DistClean command="/usr/bin/make -f &quot;/Users/xiaochen/project/cpp-study/cpp-prime/Makefile&quot;  VERBOSE=1 clean"/>
				</MakeCommands>
			</Target>
			<Target title="c3-ex3-37">
				<Option output="/Users/xiaochen/project/cpp-study/cpp-prime/bin/c3-ex3-37" prefix_auto="0" extension_auto="0"/>
				<Option working_dir="/Users/xiaochen/project/cpp-study/cpp-prime/bin"/>
				<Option object_output="./"/>
				<Option type="1"/>
				<Option compiler="gcc"/>
				<Compiler/>
				<MakeCommands>
					<Build command="/usr/bin/make -f &quot;/Users/xiaochen/project/cpp-study/cpp-prime/Makefile&quot;  VERBOSE=1 c3-ex3-37"/>
					<CompileFile command="/usr/bin/make -f &quot;/Users/xiaochen/project/cpp-study/cpp-prime/Makefile&quot;  VERBOSE=1 &quot;$file&quot;"/>
					<Clean command="/usr/bin/make -f &quot;/Users/xiaochen/project/cpp-study/cpp-prime/Makefile&quot;  VERBOSE=1 clean"/>
					<DistClean command="/usr/bin/make -f &quot;/Users/xiaochen/project/cpp-study/cpp-prime/Makefile&quot;  VERBOSE=1 clean"/>
				</MakeCommands>
			</Target>
			<Target title="c3-ex3-37/fast">
				<Option output="/Users/xiaochen/project/cpp-study/cpp-prime/bin/c3-ex3-37" prefix_auto="0" extension_auto="0"/>
				<Option working_dir="/Users/xiaochen/project/cpp-study/cpp-prime/bin"/>
				<Option object_output="./"/>
				<Option type="1"/>
				<Option compiler="gcc"/>
				<Compiler/>
				<MakeCommands>
					<Build command="/usr/bin/make -f &quot;/Users/xiaochen/project/cpp-study/cpp-prime/Makefile&quot;  VERBOSE=1 c3-ex3-37/fast"/>
					<CompileFile command="/usr/bin/make -f &quot;/Users/xiaochen/project/cpp-study/cpp-prime/Makefile&quot;  VERBOSE=1 &quot;$file&quot;"/>
					<Clean command="/usr/bin/make -f &quot;/Users/xiaochen/project/cpp-study/cpp-prime/Makefile&quot;  VERBOSE=1 clean"/>
					<DistClean command="/usr/bin/make -f &quot;/Users/xiaochen/project/cpp-study/cpp-prime/Makefile&quot;  VERBOSE=1 clean"/>
				</MakeCommands>
			</Target>
			<Target title="c3-ex3-42">
				<Option output="/Users/xiaochen/project/cpp-study/cpp-prime/bin/c3-ex3-42" prefix_auto="0" extension_auto="0"/>
				<Option working_dir="/Users/xiaochen/project/cpp-study/cpp-prime/bin"/>
				<Option object_output="./"/>
				<Option type="1"/>
				<Option compiler="gcc"/>
				<Compiler/>
				<MakeCommands>
					<Build command="/usr/bin/make -f &quot;/Users/xiaochen/project/cpp-study/cpp-prime/Makefile&quot;  VERBOSE=1 c3-ex3-42"/>
					<CompileFile command="/usr/bin/make -f &quot;/Users/xiaochen/project/cpp-study/cpp-prime/Makefile&quot;  VERBOSE=1 &quot;$file&quot;"/>
					<Clean command="/usr/bin/make -f &quot;/Users/xiaochen/project/cpp-study/cpp-prime/Makefile&quot;  VERBOSE=1 clean"/>
					<DistClean command="/usr/bin/make -f &quot;/Users/xiaochen/project/cpp-study/cpp-prime/Makefile&quot;  VERBOSE=1 clean"/>
				</MakeCommands>
			</Target>
			<Target title="c3-ex3-42/fast">
				<Option output="/Users/xiaochen/project/cpp-study/cpp-prime/bin/c3-ex3-42" prefix_auto="0" extension_auto="0"/>
				<Option working_dir="/Users/xiaochen/project/cpp-study/cpp-prime/bin"/>
				<Option object_output="./"/>
				<Option type="1"/>
				<Option compiler="gcc"/>
				<Compiler/>
				<MakeCommands>
					<Build command="/usr/bin/make -f &quot;/Users/xiaochen/project/cpp-study/cpp-prime/Makefile&quot;  VERBOSE=1 c3-ex3-42/fast"/>
					<CompileFile command="/usr/bin/make -f &quot;/Users/xiaochen/project/cpp-study/cpp-prime/Makefile&quot;  VERBOSE=1 &quot;$file&quot;"/>
					<Clean command="/usr/bin/make -f &quot;/Users/xiaochen/project/cpp-study/cpp-prime/Makefile&quot;  VERBOSE=1 clean"/>
					<DistClean command="/usr/bin/make -f &quot;/Users/xiaochen/project/cpp-study/cpp-prime/Makefile&quot;  VERBOSE=1 clean"/>
				</MakeCommands>
			</Target>
			<Target title="c3-ex3-43">
				<Option output="/Users/xiaochen/project/cpp-study/cpp-prime/bin/c3-ex3-43" prefix_auto="0" extension_auto="0"/>
				<Option working_dir="/Users/xiaochen/project/cpp-study/cpp-prime/bin"/>
				<Option object_output="./"/>
				<Option type="1"/>
				<Option compiler="gcc"/>
				<Compiler/>
				<MakeCommands>
					<Build command="/usr/bin/make -f &quot;/Users/xiaochen/project/cpp-study/cpp-prime/Makefile&quot;  VERBOSE=1 c3-ex3-43"/>
					<CompileFile command="/usr/bin/make -f &quot;/Users/xiaochen/project/cpp-study/cpp-prime/Makefile&quot;  VERBOSE=1 &quot;$file&quot;"/>
					<Clean command="/usr/bin/make -f &quot;/Users/xiaochen/project/cpp-study/cpp-prime/Makefile&quot;  VERBOSE=1 clean"/>
					<DistClean command="/usr/bin/make -f &quot;/Users/xiaochen/project/cpp-study/cpp-prime/Makefile&quot;  VERBOSE=1 clean"/>
				</MakeCommands>
			</Target>
			<Target title="c3-ex3-43/fast">
				<Option output="/Users/xiaochen/project/cpp-study/cpp-prime/bin/c3-ex3-43" prefix_auto="0" extension_auto="0"/>
				<Option working_dir="/Users/xiaochen/project/cpp-study/cpp-prime/bin"/>
				<Option object_output="./"/>
				<Option type="1"/>
				<Option compiler="gcc"/>
				<Compiler/>
				<MakeCommands>
					<Build command="/usr/bin/make -f &quot;/Users/xiaochen/project/cpp-study/cpp-prime/Makefile&quot;  VERBOSE=1 c3-ex3-43/fast"/>
					<CompileFile command="/usr/bin/make -f &quot;/Users/xiaochen/project/cpp-study/cpp-prime/Makefile&quot;  VERBOSE=1 &quot;$file&quot;"/>
					<Clean command="/usr/bin/make -f &quot;/Users/xiaochen/project/cpp-study/cpp-prime/Makefile&quot;  VERBOSE=1 clean"/>
					<DistClean command="/usr/bin/make -f &quot;/Users/xiaochen/project/cpp-study/cpp-prime/Makefile&quot;  VERBOSE=1 clean"/>
				</MakeCommands>
			</Target>
			<Target title="c3-ex3-23">
				<Option output="/Users/xiaochen/project/cpp-study/cpp-prime/bin/c3-ex3-23" prefix_auto="0" extension_auto="0"/>
				<Option working_dir="/Users/xiaochen/project/cpp-study/cpp-prime/bin"/>
				<Option object_output="./"/>
				<Option type="1"/>
				<Option compiler="gcc"/>
				<Compiler/>
				<MakeCommands>
					<Build command="/usr/bin/make -f &quot;/Users/xiaochen/project/cpp-study/cpp-prime/Makefile&quot;  VERBOSE=1 c3-ex3-23"/>
					<CompileFile command="/usr/bin/make -f &quot;/Users/xiaochen/project/cpp-study/cpp-prime/Makefile&quot;  VERBOSE=1 &quot;$file&quot;"/>
					<Clean command="/usr/bin/make -f &quot;/Users/xiaochen/project/cpp-study/cpp-prime/Makefile&quot;  VERBOSE=1 clean"/>
					<DistClean command="/usr/bin/make -f &quot;/Users/xiaochen/project/cpp-study/cpp-prime/Makefile&quot;  VERBOSE=1 clean"/>
				</MakeCommands>
			</Target>
			<Target title="c3-ex3-23/fast">
				<Option output="/Users/xiaochen/project/cpp-study/cpp-prime/bin/c3-ex3-23" prefix_auto="0" extension_auto="0"/>
				<Option working_dir="/Users/xiaochen/project/cpp-study/cpp-prime/bin"/>
				<Option object_output="./"/>
				<Option type="1"/>
				<Option compiler="gcc"/>
				<Compiler/>
				<MakeCommands>
					<Build command="/usr/bin/make -f &quot;/Users/xiaochen/project/cpp-study/cpp-prime/Makefile&quot;  VERBOSE=1 c3-ex3-23/fast"/>
					<CompileFile command="/usr/bin/make -f &quot;/Users/xiaochen/project/cpp-study/cpp-prime/Makefile&quot;  VERBOSE=1 &quot;$file&quot;"/>
					<Clean command="/usr/bin/make -f &quot;/Users/xiaochen/project/cpp-study/cpp-prime/Makefile&quot;  VERBOSE=1 clean"/>
					<DistClean command="/usr/bin/make -f &quot;/Users/xiaochen/project/cpp-study/cpp-prime/Makefile&quot;  VERBOSE=1 clean"/>
				</MakeCommands>
			</Target>
			<Target title="c3-ex3-35">
				<Option output="/Users/xiaochen/project/cpp-study/cpp-prime/bin/c3-ex3-35" prefix_auto="0" extension_auto="0"/>
				<Option working_dir="/Users/xiaochen/project/cpp-study/cpp-prime/bin"/>
				<Option object_output="./"/>
				<Option type="1"/>
				<Option compiler="gcc"/>
				<Compiler/>
				<MakeCommands>
					<Build command="/usr/bin/make -f &quot;/Users/xiaochen/project/cpp-study/cpp-prime/Makefile&quot;  VERBOSE=1 c3-ex3-35"/>
					<CompileFile command="/usr/bin/make -f &quot;/Users/xiaochen/project/cpp-study/cpp-prime/Makefile&quot;  VERBOSE=1 &quot;$file&quot;"/>
					<Clean command="/usr/bin/make -f &quot;/Users/xiaochen/project/cpp-study/cpp-prime/Makefile&quot;  VERBOSE=1 clean"/>
					<DistClean command="/usr/bin/make -f &quot;/Users/xiaochen/project/cpp-study/cpp-prime/Makefile&quot;  VERBOSE=1 clean"/>
				</MakeCommands>
			</Target>
			<Target title="c3-ex3-35/fast">
				<Option output="/Users/xiaochen/project/cpp-study/cpp-prime/bin/c3-ex3-35" prefix_auto="0" extension_auto="0"/>
				<Option working_dir="/Users/xiaochen/project/cpp-study/cpp-prime/bin"/>
				<Option object_output="./"/>
				<Option type="1"/>
				<Option compiler="gcc"/>
				<Compiler/>
				<MakeCommands>
					<Build command="/usr/bin/make -f &quot;/Users/xiaochen/project/cpp-study/cpp-prime/Makefile&quot;  VERBOSE=1 c3-ex3-35/fast"/>
					<CompileFile command="/usr/bin/make -f &quot;/Users/xiaochen/project/cpp-study/cpp-prime/Makefile&quot;  VERBOSE=1 &quot;$file&quot;"/>
					<Clean command="/usr/bin/make -f &quot;/Users/xiaochen/project/cpp-study/cpp-prime/Makefile&quot;  VERBOSE=1 clean"/>
					<DistClean command="/usr/bin/make -f &quot;/Users/xiaochen/project/cpp-study/cpp-prime/Makefile&quot;  VERBOSE=1 clean"/>
				</MakeCommands>
			</Target>
			<Target title="c3-ex3-16">
				<Option output="/Users/xiaochen/project/cpp-study/cpp-prime/bin/c3-ex3-16" prefix_auto="0" extension_auto="0"/>
				<Option working_dir="/Users/xiaochen/project/cpp-study/cpp-prime/bin"/>
				<Option object_output="./"/>
				<Option type="1"/>
				<Option compiler="gcc"/>
				<Compiler/>
				<MakeCommands>
					<Build command="/usr/bin/make -f &quot;/Users/xiaochen/project/cpp-study/cpp-prime/Makefile&quot;  VERBOSE=1 c3-ex3-16"/>
					<CompileFile command="/usr/bin/make -f &quot;/Users/xiaochen/project/cpp-study/cpp-prime/Makefile&quot;  VERBOSE=1 &quot;$file&quot;"/>
					<Clean command="/usr/bin/make -f &quot;/Users/xiaochen/project/cpp-study/cpp-prime/Makefile&quot;  VERBOSE=1 clean"/>
					<DistClean command="/usr/bin/make -f &quot;/Users/xiaochen/project/cpp-study/cpp-prime/Makefile&quot;  VERBOSE=1 clean"/>
				</MakeCommands>
			</Target>
			<Target title="c3-ex3-16/fast">
				<Option output="/Users/xiaochen/project/cpp-study/cpp-prime/bin/c3-ex3-16" prefix_auto="0" extension_auto="0"/>
				<Option working_dir="/Users/xiaochen/project/cpp-study/cpp-prime/bin"/>
				<Option object_output="./"/>
				<Option type="1"/>
				<Option compiler="gcc"/>
				<Compiler/>
				<MakeCommands>
					<Build command="/usr/bin/make -f &quot;/Users/xiaochen/project/cpp-study/cpp-prime/Makefile&quot;  VERBOSE=1 c3-ex3-16/fast"/>
					<CompileFile command="/usr/bin/make -f &quot;/Users/xiaochen/project/cpp-study/cpp-prime/Makefile&quot;  VERBOSE=1 &quot;$file&quot;"/>
					<Clean command="/usr/bin/make -f &quot;/Users/xiaochen/project/cpp-study/cpp-prime/Makefile&quot;  VERBOSE=1 clean"/>
					<DistClean command="/usr/bin/make -f &quot;/Users/xiaochen/project/cpp-study/cpp-prime/Makefile&quot;  VERBOSE=1 clean"/>
				</MakeCommands>
			</Target>
			<Target title="c2-ex2-39">
				<Option output="/Users/xiaochen/project/cpp-study/cpp-prime/bin/c2-ex2-39" prefix_auto="0" extension_auto="0"/>
				<Option working_dir="/Users/xiaochen/project/cpp-study/cpp-prime/bin"/>
				<Option object_output="./"/>
				<Option type="1"/>
				<Option compiler="gcc"/>
				<Compiler/>
				<MakeCommands>
					<Build command="/usr/bin/make -f &quot;/Users/xiaochen/project/cpp-study/cpp-prime/Makefile&quot;  VERBOSE=1 c2-ex2-39"/>
					<CompileFile command="/usr/bin/make -f &quot;/Users/xiaochen/project/cpp-study/cpp-prime/Makefile&quot;  VERBOSE=1 &quot;$file&quot;"/>
					<Clean command="/usr/bin/make -f &quot;/Users/xiaochen/project/cpp-study/cpp-prime/Makefile&quot;  VERBOSE=1 clean"/>
					<DistClean command="/usr/bin/make -f &quot;/Users/xiaochen/project/cpp-study/cpp-prime/Makefile&quot;  VERBOSE=1 clean"/>
				</MakeCommands>
			</Target>
			<Target title="c2-ex2-39/fast">
				<Option output="/Users/xiaochen/project/cpp-study/cpp-prime/bin/c2-ex2-39" prefix_auto="0" extension_auto="0"/>
				<Option working_dir="/Users/xiaochen/project/cpp-study/cpp-prime/bin"/>
				<Option object_output="./"/>
				<Option type="1"/>
				<Option compiler="gcc"/>
				<Compiler/>
				<MakeCommands>
					<Build command="/usr/bin/make -f &quot;/Users/xiaochen/project/cpp-study/cpp-prime/Makefile&quot;  VERBOSE=1 c2-ex2-39/fast"/>
					<CompileFile command="/usr/bin/make -f &quot;/Users/xiaochen/project/cpp-study/cpp-prime/Makefile&quot;  VERBOSE=1 &quot;$file&quot;"/>
					<Clean command="/usr/bin/make -f &quot;/Users/xiaochen/project/cpp-study/cpp-prime/Makefile&quot;  VERBOSE=1 clean"/>
					<DistClean command="/usr/bin/make -f &quot;/Users/xiaochen/project/cpp-study/cpp-prime/Makefile&quot;  VERBOSE=1 clean"/>
				</MakeCommands>
			</Target>
			<Target title="c3-ex3-45">
				<Option output="/Users/xiaochen/project/cpp-study/cpp-prime/bin/c3-ex3-45" prefix_auto="0" extension_auto="0"/>
				<Option working_dir="/Users/xiaochen/project/cpp-study/cpp-prime/bin"/>
				<Option object_output="./"/>
				<Option type="1"/>
				<Option compiler="gcc"/>
				<Compiler/>
				<MakeCommands>
					<Build command="/usr/bin/make -f &quot;/Users/xiaochen/project/cpp-study/cpp-prime/Makefile&quot;  VERBOSE=1 c3-ex3-45"/>
					<CompileFile command="/usr/bin/make -f &quot;/Users/xiaochen/project/cpp-study/cpp-prime/Makefile&quot;  VERBOSE=1 &quot;$file&quot;"/>
					<Clean command="/usr/bin/make -f &quot;/Users/xiaochen/project/cpp-study/cpp-prime/Makefile&quot;  VERBOSE=1 clean"/>
					<DistClean command="/usr/bin/make -f &quot;/Users/xiaochen/project/cpp-study/cpp-prime/Makefile&quot;  VERBOSE=1 clean"/>
				</MakeCommands>
			</Target>
			<Target title="c3-ex3-45/fast">
				<Option output="/Users/xiaochen/project/cpp-study/cpp-prime/bin/c3-ex3-45" prefix_auto="0" extension_auto="0"/>
				<Option working_dir="/Users/xiaochen/project/cpp-study/cpp-prime/bin"/>
				<Option object_output="./"/>
				<Option type="1"/>
				<Option compiler="gcc"/>
				<Compiler/>
				<MakeCommands>
					<Build command="/usr/bin/make -f &quot;/Users/xiaochen/project/cpp-study/cpp-prime/Makefile&quot;  VERBOSE=1 c3-ex3-45/fast"/>
					<CompileFile command="/usr/bin/make -f &quot;/Users/xiaochen/project/cpp-study/cpp-prime/Makefile&quot;  VERBOSE=1 &quot;$file&quot;"/>
					<Clean command="/usr/bin/make -f &quot;/Users/xiaochen/project/cpp-study/cpp-prime/Makefile&quot;  VERBOSE=1 clean"/>
					<DistClean command="/usr/bin/make -f &quot;/Users/xiaochen/project/cpp-study/cpp-prime/Makefile&quot;  VERBOSE=1 clean"/>
				</MakeCommands>
			</Target>
			<Target title="c3-ex3-20">
				<Option output="/Users/xiaochen/project/cpp-study/cpp-prime/bin/c3-ex3-20" prefix_auto="0" extension_auto="0"/>
				<Option working_dir="/Users/xiaochen/project/cpp-study/cpp-prime/bin"/>
				<Option object_output="./"/>
				<Option type="1"/>
				<Option compiler="gcc"/>
				<Compiler/>
				<MakeCommands>
					<Build command="/usr/bin/make -f &quot;/Users/xiaochen/project/cpp-study/cpp-prime/Makefile&quot;  VERBOSE=1 c3-ex3-20"/>
					<CompileFile command="/usr/bin/make -f &quot;/Users/xiaochen/project/cpp-study/cpp-prime/Makefile&quot;  VERBOSE=1 &quot;$file&quot;"/>
					<Clean command="/usr/bin/make -f &quot;/Users/xiaochen/project/cpp-study/cpp-prime/Makefile&quot;  VERBOSE=1 clean"/>
					<DistClean command="/usr/bin/make -f &quot;/Users/xiaochen/project/cpp-study/cpp-prime/Makefile&quot;  VERBOSE=1 clean"/>
				</MakeCommands>
			</Target>
			<Target title="c3-ex3-20/fast">
				<Option output="/Users/xiaochen/project/cpp-study/cpp-prime/bin/c3-ex3-20" prefix_auto="0" extension_auto="0"/>
				<Option working_dir="/Users/xiaochen/project/cpp-study/cpp-prime/bin"/>
				<Option object_output="./"/>
				<Option type="1"/>
				<Option compiler="gcc"/>
				<Compiler/>
				<MakeCommands>
					<Build command="/usr/bin/make -f &quot;/Users/xiaochen/project/cpp-study/cpp-prime/Makefile&quot;  VERBOSE=1 c3-ex3-20/fast"/>
					<CompileFile command="/usr/bin/make -f &quot;/Users/xiaochen/project/cpp-study/cpp-prime/Makefile&quot;  VERBOSE=1 &quot;$file&quot;"/>
					<Clean command="/usr/bin/make -f &quot;/Users/xiaochen/project/cpp-study/cpp-prime/Makefile&quot;  VERBOSE=1 clean"/>
					<DistClean command="/usr/bin/make -f &quot;/Users/xiaochen/project/cpp-study/cpp-prime/Makefile&quot;  VERBOSE=1 clean"/>
				</MakeCommands>
			</Target>
			<Target title="c3-ex3-41">
				<Option output="/Users/xiaochen/project/cpp-study/cpp-prime/bin/c3-ex3-41" prefix_auto="0" extension_auto="0"/>
				<Option working_dir="/Users/xiaochen/project/cpp-study/cpp-prime/bin"/>
				<Option object_output="./"/>
				<Option type="1"/>
				<Option compiler="gcc"/>
				<Compiler/>
				<MakeCommands>
					<Build command="/usr/bin/make -f &quot;/Users/xiaochen/project/cpp-study/cpp-prime/Makefile&quot;  VERBOSE=1 c3-ex3-41"/>
					<CompileFile command="/usr/bin/make -f &quot;/Users/xiaochen/project/cpp-study/cpp-prime/Makefile&quot;  VERBOSE=1 &quot;$file&quot;"/>
					<Clean command="/usr/bin/make -f &quot;/Users/xiaochen/project/cpp-study/cpp-prime/Makefile&quot;  VERBOSE=1 clean"/>
					<DistClean command="/usr/bin/make -f &quot;/Users/xiaochen/project/cpp-study/cpp-prime/Makefile&quot;  VERBOSE=1 clean"/>
				</MakeCommands>
			</Target>
			<Target title="c3-ex3-41/fast">
				<Option output="/Users/xiaochen/project/cpp-study/cpp-prime/bin/c3-ex3-41" prefix_auto="0" extension_auto="0"/>
				<Option working_dir="/Users/xiaochen/project/cpp-study/cpp-prime/bin"/>
				<Option object_output="./"/>
				<Option type="1"/>
				<Option compiler="gcc"/>
				<Compiler/>
				<MakeCommands>
					<Build command="/usr/bin/make -f &quot;/Users/xiaochen/project/cpp-study/cpp-prime/Makefile&quot;  VERBOSE=1 c3-ex3-41/fast"/>
					<CompileFile command="/usr/bin/make -f &quot;/Users/xiaochen/project/cpp-study/cpp-prime/Makefile&quot;  VERBOSE=1 &quot;$file&quot;"/>
					<Clean command="/usr/bin/make -f &quot;/Users/xiaochen/project/cpp-study/cpp-prime/Makefile&quot;  VERBOSE=1 clean"/>
					<DistClean command="/usr/bin/make -f &quot;/Users/xiaochen/project/cpp-study/cpp-prime/Makefile&quot;  VERBOSE=1 clean"/>
				</MakeCommands>
			</Target>
			<Target title="c6-ex6-10">
				<Option output="/Users/xiaochen/project/cpp-study/cpp-prime/bin/c6-ex6-10" prefix_auto="0" extension_auto="0"/>
				<Option working_dir="/Users/xiaochen/project/cpp-study/cpp-prime/bin"/>
				<Option object_output="./"/>
				<Option type="1"/>
				<Option compiler="gcc"/>
				<Compiler/>
				<MakeCommands>
					<Build command="/usr/bin/make -f &quot;/Users/xiaochen/project/cpp-study/cpp-prime/Makefile&quot;  VERBOSE=1 c6-ex6-10"/>
					<CompileFile command="/usr/bin/make -f &quot;/Users/xiaochen/project/cpp-study/cpp-prime/Makefile&quot;  VERBOSE=1 &quot;$file&quot;"/>
					<Clean command="/usr/bin/make -f &quot;/Users/xiaochen/project/cpp-study/cpp-prime/Makefile&quot;  VERBOSE=1 clean"/>
					<DistClean command="/usr/bin/make -f &quot;/Users/xiaochen/project/cpp-study/cpp-prime/Makefile&quot;  VERBOSE=1 clean"/>
				</MakeCommands>
			</Target>
			<Target title="c6-ex6-10/fast">
				<Option output="/Users/xiaochen/project/cpp-study/cpp-prime/bin/c6-ex6-10" prefix_auto="0" extension_auto="0"/>
				<Option working_dir="/Users/xiaochen/project/cpp-study/cpp-prime/bin"/>
				<Option object_output="./"/>
				<Option type="1"/>
				<Option compiler="gcc"/>
				<Compiler/>
				<MakeCommands>
					<Build command="/usr/bin/make -f &quot;/Users/xiaochen/project/cpp-study/cpp-prime/Makefile&quot;  VERBOSE=1 c6-ex6-10/fast"/>
					<CompileFile command="/usr/bin/make -f &quot;/Users/xiaochen/project/cpp-study/cpp-prime/Makefile&quot;  VERBOSE=1 &quot;$file&quot;"/>
					<Clean command="/usr/bin/make -f &quot;/Users/xiaochen/project/cpp-study/cpp-prime/Makefile&quot;  VERBOSE=1 clean"/>
					<DistClean command="/usr/bin/make -f &quot;/Users/xiaochen/project/cpp-study/cpp-prime/Makefile&quot;  VERBOSE=1 clean"/>
				</MakeCommands>
			</Target>
			<Target title="c7-ex7-31">
				<Option output="/Users/xiaochen/project/cpp-study/cpp-prime/bin/c7-ex7-31" prefix_auto="0" extension_auto="0"/>
				<Option working_dir="/Users/xiaochen/project/cpp-study/cpp-prime/bin"/>
				<Option object_output="./"/>
				<Option type="1"/>
				<Option compiler="gcc"/>
				<Compiler/>
				<MakeCommands>
					<Build command="/usr/bin/make -f &quot;/Users/xiaochen/project/cpp-study/cpp-prime/Makefile&quot;  VERBOSE=1 c7-ex7-31"/>
					<CompileFile command="/usr/bin/make -f &quot;/Users/xiaochen/project/cpp-study/cpp-prime/Makefile&quot;  VERBOSE=1 &quot;$file&quot;"/>
					<Clean command="/usr/bin/make -f &quot;/Users/xiaochen/project/cpp-study/cpp-prime/Makefile&quot;  VERBOSE=1 clean"/>
					<DistClean command="/usr/bin/make -f &quot;/Users/xiaochen/project/cpp-study/cpp-prime/Makefile&quot;  VERBOSE=1 clean"/>
				</MakeCommands>
			</Target>
			<Target title="c7-ex7-31/fast">
				<Option output="/Users/xiaochen/project/cpp-study/cpp-prime/bin/c7-ex7-31" prefix_auto="0" extension_auto="0"/>
				<Option working_dir="/Users/xiaochen/project/cpp-study/cpp-prime/bin"/>
				<Option object_output="./"/>
				<Option type="1"/>
				<Option compiler="gcc"/>
				<Compiler/>
				<MakeCommands>
					<Build command="/usr/bin/make -f &quot;/Users/xiaochen/project/cpp-study/cpp-prime/Makefile&quot;  VERBOSE=1 c7-ex7-31/fast"/>
					<CompileFile command="/usr/bin/make -f &quot;/Users/xiaochen/project/cpp-study/cpp-prime/Makefile&quot;  VERBOSE=1 &quot;$file&quot;"/>
					<Clean command="/usr/bin/make -f &quot;/Users/xiaochen/project/cpp-study/cpp-prime/Makefile&quot;  VERBOSE=1 clean"/>
					<DistClean command="/usr/bin/make -f &quot;/Users/xiaochen/project/cpp-study/cpp-prime/Makefile&quot;  VERBOSE=1 clean"/>
				</MakeCommands>
			</Target>
			<Target title="c2-ex2-34">
				<Option output="/Users/xiaochen/project/cpp-study/cpp-prime/bin/c2-ex2-34" prefix_auto="0" extension_auto="0"/>
				<Option working_dir="/Users/xiaochen/project/cpp-study/cpp-prime/bin"/>
				<Option object_output="./"/>
				<Option type="1"/>
				<Option compiler="gcc"/>
				<Compiler/>
				<MakeCommands>
					<Build command="/usr/bin/make -f &quot;/Users/xiaochen/project/cpp-study/cpp-prime/Makefile&quot;  VERBOSE=1 c2-ex2-34"/>
					<CompileFile command="/usr/bin/make -f &quot;/Users/xiaochen/project/cpp-study/cpp-prime/Makefile&quot;  VERBOSE=1 &quot;$file&quot;"/>
					<Clean command="/usr/bin/make -f &quot;/Users/xiaochen/project/cpp-study/cpp-prime/Makefile&quot;  VERBOSE=1 clean"/>
					<DistClean command="/usr/bin/make -f &quot;/Users/xiaochen/project/cpp-study/cpp-prime/Makefile&quot;  VERBOSE=1 clean"/>
				</MakeCommands>
			</Target>
			<Target title="c2-ex2-34/fast">
				<Option output="/Users/xiaochen/project/cpp-study/cpp-prime/bin/c2-ex2-34" prefix_auto="0" extension_auto="0"/>
				<Option working_dir="/Users/xiaochen/project/cpp-study/cpp-prime/bin"/>
				<Option object_output="./"/>
				<Option type="1"/>
				<Option compiler="gcc"/>
				<Compiler/>
				<MakeCommands>
					<Build command="/usr/bin/make -f &quot;/Users/xiaochen/project/cpp-study/cpp-prime/Makefile&quot;  VERBOSE=1 c2-ex2-34/fast"/>
					<CompileFile command="/usr/bin/make -f &quot;/Users/xiaochen/project/cpp-study/cpp-prime/Makefile&quot;  VERBOSE=1 &quot;$file&quot;"/>
					<Clean command="/usr/bin/make -f &quot;/Users/xiaochen/project/cpp-study/cpp-prime/Makefile&quot;  VERBOSE=1 clean"/>
					<DistClean command="/usr/bin/make -f &quot;/Users/xiaochen/project/cpp-study/cpp-prime/Makefile&quot;  VERBOSE=1 clean"/>
				</MakeCommands>
			</Target>
			<Target title="c6-ex6-54">
				<Option output="/Users/xiaochen/project/cpp-study/cpp-prime/bin/c6-ex6-54" prefix_auto="0" extension_auto="0"/>
				<Option working_dir="/Users/xiaochen/project/cpp-study/cpp-prime/bin"/>
				<Option object_output="./"/>
				<Option type="1"/>
				<Option compiler="gcc"/>
				<Compiler/>
				<MakeCommands>
					<Build command="/usr/bin/make -f &quot;/Users/xiaochen/project/cpp-study/cpp-prime/Makefile&quot;  VERBOSE=1 c6-ex6-54"/>
					<CompileFile command="/usr/bin/make -f &quot;/Users/xiaochen/project/cpp-study/cpp-prime/Makefile&quot;  VERBOSE=1 &quot;$file&quot;"/>
					<Clean command="/usr/bin/make -f &quot;/Users/xiaochen/project/cpp-study/cpp-prime/Makefile&quot;  VERBOSE=1 clean"/>
					<DistClean command="/usr/bin/make -f &quot;/Users/xiaochen/project/cpp-study/cpp-prime/Makefile&quot;  VERBOSE=1 clean"/>
				</MakeCommands>
			</Target>
			<Target title="c6-ex6-54/fast">
				<Option output="/Users/xiaochen/project/cpp-study/cpp-prime/bin/c6-ex6-54" prefix_auto="0" extension_auto="0"/>
				<Option working_dir="/Users/xiaochen/project/cpp-study/cpp-prime/bin"/>
				<Option object_output="./"/>
				<Option type="1"/>
				<Option compiler="gcc"/>
				<Compiler/>
				<MakeCommands>
					<Build command="/usr/bin/make -f &quot;/Users/xiaochen/project/cpp-study/cpp-prime/Makefile&quot;  VERBOSE=1 c6-ex6-54/fast"/>
					<CompileFile command="/usr/bin/make -f &quot;/Users/xiaochen/project/cpp-study/cpp-prime/Makefile&quot;  VERBOSE=1 &quot;$file&quot;"/>
					<Clean command="/usr/bin/make -f &quot;/Users/xiaochen/project/cpp-study/cpp-prime/Makefile&quot;  VERBOSE=1 clean"/>
					<DistClean command="/usr/bin/make -f &quot;/Users/xiaochen/project/cpp-study/cpp-prime/Makefile&quot;  VERBOSE=1 clean"/>
				</MakeCommands>
			</Target>
			<Target title="c6-ex6-9">
				<Option output="/Users/xiaochen/project/cpp-study/cpp-prime/bin/c6-ex6-9" prefix_auto="0" extension_auto="0"/>
				<Option working_dir="/Users/xiaochen/project/cpp-study/cpp-prime/bin"/>
				<Option object_output="./"/>
				<Option type="1"/>
				<Option compiler="gcc"/>
				<Compiler/>
				<MakeCommands>
					<Build command="/usr/bin/make -f &quot;/Users/xiaochen/project/cpp-study/cpp-prime/Makefile&quot;  VERBOSE=1 c6-ex6-9"/>
					<CompileFile command="/usr/bin/make -f &quot;/Users/xiaochen/project/cpp-study/cpp-prime/Makefile&quot;  VERBOSE=1 &quot;$file&quot;"/>
					<Clean command="/usr/bin/make -f &quot;/Users/xiaochen/project/cpp-study/cpp-prime/Makefile&quot;  VERBOSE=1 clean"/>
					<DistClean command="/usr/bin/make -f &quot;/Users/xiaochen/project/cpp-study/cpp-prime/Makefile&quot;  VERBOSE=1 clean"/>
				</MakeCommands>
			</Target>
			<Target title="c6-ex6-9/fast">
				<Option output="/Users/xiaochen/project/cpp-study/cpp-prime/bin/c6-ex6-9" prefix_auto="0" extension_auto="0"/>
				<Option working_dir="/Users/xiaochen/project/cpp-study/cpp-prime/bin"/>
				<Option object_output="./"/>
				<Option type="1"/>
				<Option compiler="gcc"/>
				<Compiler/>
				<MakeCommands>
					<Build command="/usr/bin/make -f &quot;/Users/xiaochen/project/cpp-study/cpp-prime/Makefile&quot;  VERBOSE=1 c6-ex6-9/fast"/>
					<CompileFile command="/usr/bin/make -f &quot;/Users/xiaochen/project/cpp-study/cpp-prime/Makefile&quot;  VERBOSE=1 &quot;$file&quot;"/>
					<Clean command="/usr/bin/make -f &quot;/Users/xiaochen/project/cpp-study/cpp-prime/Makefile&quot;  VERBOSE=1 clean"/>
					<DistClean command="/usr/bin/make -f &quot;/Users/xiaochen/project/cpp-study/cpp-prime/Makefile&quot;  VERBOSE=1 clean"/>
				</MakeCommands>
			</Target>
			<Target title="c3-ex3-39">
				<Option output="/Users/xiaochen/project/cpp-study/cpp-prime/bin/c3-ex3-39" prefix_auto="0" extension_auto="0"/>
				<Option working_dir="/Users/xiaochen/project/cpp-study/cpp-prime/bin"/>
				<Option object_output="./"/>
				<Option type="1"/>
				<Option compiler="gcc"/>
				<Compiler/>
				<MakeCommands>
					<Build command="/usr/bin/make -f &quot;/Users/xiaochen/project/cpp-study/cpp-prime/Makefile&quot;  VERBOSE=1 c3-ex3-39"/>
					<CompileFile command="/usr/bin/make -f &quot;/Users/xiaochen/project/cpp-study/cpp-prime/Makefile&quot;  VERBOSE=1 &quot;$file&quot;"/>
					<Clean command="/usr/bin/make -f &quot;/Users/xiaochen/project/cpp-study/cpp-prime/Makefile&quot;  VERBOSE=1 clean"/>
					<DistClean command="/usr/bin/make -f &quot;/Users/xiaochen/project/cpp-study/cpp-prime/Makefile&quot;  VERBOSE=1 clean"/>
				</MakeCommands>
			</Target>
			<Target title="c3-ex3-39/fast">
				<Option output="/Users/xiaochen/project/cpp-study/cpp-prime/bin/c3-ex3-39" prefix_auto="0" extension_auto="0"/>
				<Option working_dir="/Users/xiaochen/project/cpp-study/cpp-prime/bin"/>
				<Option object_output="./"/>
				<Option type="1"/>
				<Option compiler="gcc"/>
				<Compiler/>
				<MakeCommands>
					<Build command="/usr/bin/make -f &quot;/Users/xiaochen/project/cpp-study/cpp-prime/Makefile&quot;  VERBOSE=1 c3-ex3-39/fast"/>
					<CompileFile command="/usr/bin/make -f &quot;/Users/xiaochen/project/cpp-study/cpp-prime/Makefile&quot;  VERBOSE=1 &quot;$file&quot;"/>
					<Clean command="/usr/bin/make -f &quot;/Users/xiaochen/project/cpp-study/cpp-prime/Makefile&quot;  VERBOSE=1 clean"/>
					<DistClean command="/usr/bin/make -f &quot;/Users/xiaochen/project/cpp-study/cpp-prime/Makefile&quot;  VERBOSE=1 clean"/>
				</MakeCommands>
			</Target>
			<Target title="c7-ex7-23">
				<Option output="/Users/xiaochen/project/cpp-study/cpp-prime/bin/c7-ex7-23" prefix_auto="0" extension_auto="0"/>
				<Option working_dir="/Users/xiaochen/project/cpp-study/cpp-prime/bin"/>
				<Option object_output="./"/>
				<Option type="1"/>
				<Option compiler="gcc"/>
				<Compiler/>
				<MakeCommands>
					<Build command="/usr/bin/make -f &quot;/Users/xiaochen/project/cpp-study/cpp-prime/Makefile&quot;  VERBOSE=1 c7-ex7-23"/>
					<CompileFile command="/usr/bin/make -f &quot;/Users/xiaochen/project/cpp-study/cpp-prime/Makefile&quot;  VERBOSE=1 &quot;$file&quot;"/>
					<Clean command="/usr/bin/make -f &quot;/Users/xiaochen/project/cpp-study/cpp-prime/Makefile&quot;  VERBOSE=1 clean"/>
					<DistClean command="/usr/bin/make -f &quot;/Users/xiaochen/project/cpp-study/cpp-prime/Makefile&quot;  VERBOSE=1 clean"/>
				</MakeCommands>
			</Target>
			<Target title="c7-ex7-23/fast">
				<Option output="/Users/xiaochen/project/cpp-study/cpp-prime/bin/c7-ex7-23" prefix_auto="0" extension_auto="0"/>
				<Option working_dir="/Users/xiaochen/project/cpp-study/cpp-prime/bin"/>
				<Option object_output="./"/>
				<Option type="1"/>
				<Option compiler="gcc"/>
				<Compiler/>
				<MakeCommands>
					<Build command="/usr/bin/make -f &quot;/Users/xiaochen/project/cpp-study/cpp-prime/Makefile&quot;  VERBOSE=1 c7-ex7-23/fast"/>
					<CompileFile command="/usr/bin/make -f &quot;/Users/xiaochen/project/cpp-study/cpp-prime/Makefile&quot;  VERBOSE=1 &quot;$file&quot;"/>
					<Clean command="/usr/bin/make -f &quot;/Users/xiaochen/project/cpp-study/cpp-prime/Makefile&quot;  VERBOSE=1 clean"/>
					<DistClean command="/usr/bin/make -f &quot;/Users/xiaochen/project/cpp-study/cpp-prime/Makefile&quot;  VERBOSE=1 clean"/>
				</MakeCommands>
			</Target>
			<Target title="c6-ex6-27">
				<Option output="/Users/xiaochen/project/cpp-study/cpp-prime/bin/c6-ex6-27" prefix_auto="0" extension_auto="0"/>
				<Option working_dir="/Users/xiaochen/project/cpp-study/cpp-prime/bin"/>
				<Option object_output="./"/>
				<Option type="1"/>
				<Option compiler="gcc"/>
				<Compiler/>
				<MakeCommands>
					<Build command="/usr/bin/make -f &quot;/Users/xiaochen/project/cpp-study/cpp-prime/Makefile&quot;  VERBOSE=1 c6-ex6-27"/>
					<CompileFile command="/usr/bin/make -f &quot;/Users/xiaochen/project/cpp-study/cpp-prime/Makefile&quot;  VERBOSE=1 &quot;$file&quot;"/>
					<Clean command="/usr/bin/make -f &quot;/Users/xiaochen/project/cpp-study/cpp-prime/Makefile&quot;  VERBOSE=1 clean"/>
					<DistClean command="/usr/bin/make -f &quot;/Users/xiaochen/project/cpp-study/cpp-prime/Makefile&quot;  VERBOSE=1 clean"/>
				</MakeCommands>
			</Target>
			<Target title="c6-ex6-27/fast">
				<Option output="/Users/xiaochen/project/cpp-study/cpp-prime/bin/c6-ex6-27" prefix_auto="0" extension_auto="0"/>
				<Option working_dir="/Users/xiaochen/project/cpp-study/cpp-prime/bin"/>
				<Option object_output="./"/>
				<Option type="1"/>
				<Option compiler="gcc"/>
				<Compiler/>
				<MakeCommands>
					<Build command="/usr/bin/make -f &quot;/Users/xiaochen/project/cpp-study/cpp-prime/Makefile&quot;  VERBOSE=1 c6-ex6-27/fast"/>
					<CompileFile command="/usr/bin/make -f &quot;/Users/xiaochen/project/cpp-study/cpp-prime/Makefile&quot;  VERBOSE=1 &quot;$file&quot;"/>
					<Clean command="/usr/bin/make -f &quot;/Users/xiaochen/project/cpp-study/cpp-prime/Makefile&quot;  VERBOSE=1 clean"/>
					<DistClean command="/usr/bin/make -f &quot;/Users/xiaochen/project/cpp-study/cpp-prime/Makefile&quot;  VERBOSE=1 clean"/>
				</MakeCommands>
			</Target>
			<Target title="c3-ex3-28">
				<Option output="/Users/xiaochen/project/cpp-study/cpp-prime/bin/c3-ex3-28" prefix_auto="0" extension_auto="0"/>
				<Option working_dir="/Users/xiaochen/project/cpp-study/cpp-prime/bin"/>
				<Option object_output="./"/>
				<Option type="1"/>
				<Option compiler="gcc"/>
				<Compiler/>
				<MakeCommands>
					<Build command="/usr/bin/make -f &quot;/Users/xiaochen/project/cpp-study/cpp-prime/Makefile&quot;  VERBOSE=1 c3-ex3-28"/>
					<CompileFile command="/usr/bin/make -f &quot;/Users/xiaochen/project/cpp-study/cpp-prime/Makefile&quot;  VERBOSE=1 &quot;$file&quot;"/>
					<Clean command="/usr/bin/make -f &quot;/Users/xiaochen/project/cpp-study/cpp-prime/Makefile&quot;  VERBOSE=1 clean"/>
					<DistClean command="/usr/bin/make -f &quot;/Users/xiaochen/project/cpp-study/cpp-prime/Makefile&quot;  VERBOSE=1 clean"/>
				</MakeCommands>
			</Target>
			<Target title="c3-ex3-28/fast">
				<Option output="/Users/xiaochen/project/cpp-study/cpp-prime/bin/c3-ex3-28" prefix_auto="0" extension_auto="0"/>
				<Option working_dir="/Users/xiaochen/project/cpp-study/cpp-prime/bin"/>
				<Option object_output="./"/>
				<Option type="1"/>
				<Option compiler="gcc"/>
				<Compiler/>
				<MakeCommands>
					<Build command="/usr/bin/make -f &quot;/Users/xiaochen/project/cpp-study/cpp-prime/Makefile&quot;  VERBOSE=1 c3-ex3-28/fast"/>
					<CompileFile command="/usr/bin/make -f &quot;/Users/xiaochen/project/cpp-study/cpp-prime/Makefile&quot;  VERBOSE=1 &quot;$file&quot;"/>
					<Clean command="/usr/bin/make -f &quot;/Users/xiaochen/project/cpp-study/cpp-prime/Makefile&quot;  VERBOSE=1 clean"/>
					<DistClean command="/usr/bin/make -f &quot;/Users/xiaochen/project/cpp-study/cpp-prime/Makefile&quot;  VERBOSE=1 clean"/>
				</MakeCommands>
			</Target>
			<Target title="c2-ex2-42">
				<Option output="/Users/xiaochen/project/cpp-study/cpp-prime/bin/c2-ex2-42" prefix_auto="0" extension_auto="0"/>
				<Option working_dir="/Users/xiaochen/project/cpp-study/cpp-prime/bin"/>
				<Option object_output="./"/>
				<Option type="1"/>
				<Option compiler="gcc"/>
				<Compiler/>
				<MakeCommands>
					<Build command="/usr/bin/make -f &quot;/Users/xiaochen/project/cpp-study/cpp-prime/Makefile&quot;  VERBOSE=1 c2-ex2-42"/>
					<CompileFile command="/usr/bin/make -f &quot;/Users/xiaochen/project/cpp-study/cpp-prime/Makefile&quot;  VERBOSE=1 &quot;$file&quot;"/>
					<Clean command="/usr/bin/make -f &quot;/Users/xiaochen/project/cpp-study/cpp-prime/Makefile&quot;  VERBOSE=1 clean"/>
					<DistClean command="/usr/bin/make -f &quot;/Users/xiaochen/project/cpp-study/cpp-prime/Makefile&quot;  VERBOSE=1 clean"/>
				</MakeCommands>
			</Target>
			<Target title="c2-ex2-42/fast">
				<Option output="/Users/xiaochen/project/cpp-study/cpp-prime/bin/c2-ex2-42" prefix_auto="0" extension_auto="0"/>
				<Option working_dir="/Users/xiaochen/project/cpp-study/cpp-prime/bin"/>
				<Option object_output="./"/>
				<Option type="1"/>
				<Option compiler="gcc"/>
				<Compiler/>
				<MakeCommands>
					<Build command="/usr/bin/make -f &quot;/Users/xiaochen/project/cpp-study/cpp-prime/Makefile&quot;  VERBOSE=1 c2-ex2-42/fast"/>
					<CompileFile command="/usr/bin/make -f &quot;/Users/xiaochen/project/cpp-study/cpp-prime/Makefile&quot;  VERBOSE=1 &quot;$file&quot;"/>
					<Clean command="/usr/bin/make -f &quot;/Users/xiaochen/project/cpp-study/cpp-prime/Makefile&quot;  VERBOSE=1 clean"/>
					<DistClean command="/usr/bin/make -f &quot;/Users/xiaochen/project/cpp-study/cpp-prime/Makefile&quot;  VERBOSE=1 clean"/>
				</MakeCommands>
			</Target>
			<Target title="c2-ex2-25">
				<Option output="/Users/xiaochen/project/cpp-study/cpp-prime/bin/c2-ex2-25" prefix_auto="0" extension_auto="0"/>
				<Option working_dir="/Users/xiaochen/project/cpp-study/cpp-prime/bin"/>
				<Option object_output="./"/>
				<Option type="1"/>
				<Option compiler="gcc"/>
				<Compiler/>
				<MakeCommands>
					<Build command="/usr/bin/make -f &quot;/Users/xiaochen/project/cpp-study/cpp-prime/Makefile&quot;  VERBOSE=1 c2-ex2-25"/>
					<CompileFile command="/usr/bin/make -f &quot;/Users/xiaochen/project/cpp-study/cpp-prime/Makefile&quot;  VERBOSE=1 &quot;$file&quot;"/>
					<Clean command="/usr/bin/make -f &quot;/Users/xiaochen/project/cpp-study/cpp-prime/Makefile&quot;  VERBOSE=1 clean"/>
					<DistClean command="/usr/bin/make -f &quot;/Users/xiaochen/project/cpp-study/cpp-prime/Makefile&quot;  VERBOSE=1 clean"/>
				</MakeCommands>
			</Target>
			<Target title="c2-ex2-25/fast">
				<Option output="/Users/xiaochen/project/cpp-study/cpp-prime/bin/c2-ex2-25" prefix_auto="0" extension_auto="0"/>
				<Option working_dir="/Users/xiaochen/project/cpp-study/cpp-prime/bin"/>
				<Option object_output="./"/>
				<Option type="1"/>
				<Option compiler="gcc"/>
				<Compiler/>
				<MakeCommands>
					<Build command="/usr/bin/make -f &quot;/Users/xiaochen/project/cpp-study/cpp-prime/Makefile&quot;  VERBOSE=1 c2-ex2-25/fast"/>
					<CompileFile command="/usr/bin/make -f &quot;/Users/xiaochen/project/cpp-study/cpp-prime/Makefile&quot;  VERBOSE=1 &quot;$file&quot;"/>
					<Clean command="/usr/bin/make -f &quot;/Users/xiaochen/project/cpp-study/cpp-prime/Makefile&quot;  VERBOSE=1 clean"/>
					<DistClean command="/usr/bin/make -f &quot;/Users/xiaochen/project/cpp-study/cpp-prime/Makefile&quot;  VERBOSE=1 clean"/>
				</MakeCommands>
			</Target>
			<Target title="c2-ex2-35">
				<Option output="/Users/xiaochen/project/cpp-study/cpp-prime/bin/c2-ex2-35" prefix_auto="0" extension_auto="0"/>
				<Option working_dir="/Users/xiaochen/project/cpp-study/cpp-prime/bin"/>
				<Option object_output="./"/>
				<Option type="1"/>
				<Option compiler="gcc"/>
				<Compiler/>
				<MakeCommands>
					<Build command="/usr/bin/make -f &quot;/Users/xiaochen/project/cpp-study/cpp-prime/Makefile&quot;  VERBOSE=1 c2-ex2-35"/>
					<CompileFile command="/usr/bin/make -f &quot;/Users/xiaochen/project/cpp-study/cpp-prime/Makefile&quot;  VERBOSE=1 &quot;$file&quot;"/>
					<Clean command="/usr/bin/make -f &quot;/Users/xiaochen/project/cpp-study/cpp-prime/Makefile&quot;  VERBOSE=1 clean"/>
					<DistClean command="/usr/bin/make -f &quot;/Users/xiaochen/project/cpp-study/cpp-prime/Makefile&quot;  VERBOSE=1 clean"/>
				</MakeCommands>
			</Target>
			<Target title="c2-ex2-35/fast">
				<Option output="/Users/xiaochen/project/cpp-study/cpp-prime/bin/c2-ex2-35" prefix_auto="0" extension_auto="0"/>
				<Option working_dir="/Users/xiaochen/project/cpp-study/cpp-prime/bin"/>
				<Option object_output="./"/>
				<Option type="1"/>
				<Option compiler="gcc"/>
				<Compiler/>
				<MakeCommands>
					<Build command="/usr/bin/make -f &quot;/Users/xiaochen/project/cpp-study/cpp-prime/Makefile&quot;  VERBOSE=1 c2-ex2-35/fast"/>
					<CompileFile command="/usr/bin/make -f &quot;/Users/xiaochen/project/cpp-study/cpp-prime/Makefile&quot;  VERBOSE=1 &quot;$file&quot;"/>
					<Clean command="/usr/bin/make -f &quot;/Users/xiaochen/project/cpp-study/cpp-prime/Makefile&quot;  VERBOSE=1 clean"/>
					<DistClean command="/usr/bin/make -f &quot;/Users/xiaochen/project/cpp-study/cpp-prime/Makefile&quot;  VERBOSE=1 clean"/>
				</MakeCommands>
			</Target>
		</Build>
		<Unit filename="/Users/xiaochen/project/cpp-study/cpp-prime/c2/const.cpp">
			<Option target="c2-const"/>
		</Unit>
		<Unit filename="/Users/xiaochen/project/cpp-study/cpp-prime/c2/ex2-18.cpp">
			<Option target="c2-ex2-18"/>
		</Unit>
		<Unit filename="/Users/xiaochen/project/cpp-study/cpp-prime/c2/ex2-20.cpp">
			<Option target="c2-ex2-20"/>
		</Unit>
		<Unit filename="/Users/xiaochen/project/cpp-study/cpp-prime/c2/ex2-25.cpp">
			<Option target="c2-ex2-25"/>
		</Unit>
		<Unit filename="/Users/xiaochen/project/cpp-study/cpp-prime/c2/ex2-33.cpp">
			<Option target="c2-ex2-33"/>
		</Unit>
		<Unit filename="/Users/xiaochen/project/cpp-study/cpp-prime/c2/ex2-34.cpp">
			<Option target="c2-ex2-34"/>
		</Unit>
		<Unit filename="/Users/xiaochen/project/cpp-study/cpp-prime/c2/ex2-35.cpp">
			<Option target="c2-ex2-35"/>
		</Unit>
		<Unit filename="/Users/xiaochen/project/cpp-study/cpp-prime/c2/ex2-39.cpp">
			<Option target="c2-ex2-39"/>
		</Unit>
		<Unit filename="/Users/xiaochen/project/cpp-study/cpp-prime/c2/ex2-42.cpp">
			<Option target="c2-ex2-42"/>
		</Unit>
		<Unit filename="/Users/xiaochen/project/cpp-study/cpp-prime/c3/ex3-16.cpp">
			<Option target="c3-ex3-16"/>
		</Unit>
		<Unit filename="/Users/xiaochen/project/cpp-study/cpp-prime/c3/ex3-17.cpp">
			<Option target="c3-ex3-17"/>
		</Unit>
		<Unit filename="/Users/xiaochen/project/cpp-study/cpp-prime/c3/ex3-17.in">
			<Option target="c3-ex3-17"/>
		</Unit>
		<Unit filename="/Users/xiaochen/project/cpp-study/cpp-prime/c3/ex3-19.cpp">
			<Option target="c3-ex3-19"/>
		</Unit>
		<Unit filename="/Users/xiaochen/project/cpp-study/cpp-prime/c3/ex3-20.cpp">
			<Option target="c3-ex3-20"/>
		</Unit>
		<Unit filename="/Users/xiaochen/project/cpp-study/cpp-prime/c3/ex3-20.in">
			<Option target="c3-ex3-20"/>
		</Unit>
		<Unit filename="/Users/xiaochen/project/cpp-study/cpp-prime/c3/ex3-23.cpp">
			<Option target="c3-ex3-23"/>
		</Unit>
		<Unit filename="/Users/xiaochen/project/cpp-study/cpp-prime/c3/ex3-28.cpp">
			<Option target="c3-ex3-28"/>
		</Unit>
		<Unit filename="/Users/xiaochen/project/cpp-study/cpp-prime/c3/ex3-35.cpp">
			<Option target="c3-ex3-35"/>
		</Unit>
		<Unit filename="/Users/xiaochen/project/cpp-study/cpp-prime/c3/ex3-36.cpp">
			<Option target="c3-ex3-36"/>
		</Unit>
		<Unit filename="/Users/xiaochen/project/cpp-study/cpp-prime/c3/ex3-37.cpp">
			<Option target="c3-ex3-37"/>
		</Unit>
		<Unit filename="/Users/xiaochen/project/cpp-study/cpp-prime/c3/ex3-39.cpp">
			<Option target="c3-ex3-39"/>
		</Unit>
		<Unit filename="/Users/xiaochen/project/cpp-study/cpp-prime/c3/ex3-40.cpp">
			<Option target="c3-ex3-40"/>
		</Unit>
		<Unit filename="/Users/xiaochen/project/cpp-study/cpp-prime/c3/ex3-41.cpp">
			<Option target="c3-ex3-41"/>
		</Unit>
		<Unit filename="/Users/xiaochen/project/cpp-study/cpp-prime/c3/ex3-42.cpp">
			<Option target="c3-ex3-42"/>
		</Unit>
		<Unit filename="/Users/xiaochen/project/cpp-study/cpp-prime/c3/ex3-43.cpp">
			<Option target="c3-ex3-43"/>
		</Unit>
		<Unit filename="/Users/xiaochen/project/cpp-study/cpp-prime/c3/ex3-44.cpp">
			<Option target="c3-ex3-44"/>
		</Unit>
		<Unit filename="/Users/xiaochen/project/cpp-study/cpp-prime/c3/ex3-45.cpp">
			<Option target="c3-ex3-45"/>
		</Unit>
		<Unit filename="/Users/xiaochen/project/cpp-study/cpp-prime/c3/ex3-9.cpp">
			<Option target="c3-ex3-9"/>
		</Unit>
		<Unit filename="/Users/xiaochen/project/cpp-study/cpp-prime/c3/vector.cpp">
			<Option target="c3-vector"/>
		</Unit>
		<Unit filename="/Users/xiaochen/project/cpp-study/cpp-prime/c4/expressions.cpp">
			<Option target="c4-expressions"/>
		</Unit>
		<Unit filename="/Users/xiaochen/project/cpp-study/cpp-prime/c5/ex5-23.cpp">
			<Option target="c5-ex5-23"/>
		</Unit>
		<Unit filename="/Users/xiaochen/project/cpp-study/cpp-prime/c6/ex6-10.cpp">
			<Option target="c6-ex6-10"/>
		</Unit>
		<Unit filename="/Users/xiaochen/project/cpp-study/cpp-prime/c6/ex6-11.cpp">
			<Option target="c6-ex6-11"/>
		</Unit>
		<Unit filename="/Users/xiaochen/project/cpp-study/cpp-prime/c6/ex6-17.cpp">
			<Option target="c6-ex6-17"/>
		</Unit>
		<Unit filename="/Users/xiaochen/project/cpp-study/cpp-prime/c6/ex6-21.cpp">
			<Option target="c6-ex6-21"/>
		</Unit>
		<Unit filename="/Users/xiaochen/project/cpp-study/cpp-prime/c6/ex6-22.cpp">
			<Option target="c6-ex6-22"/>
		</Unit>
		<Unit filename="/Users/xiaochen/project/cpp-study/cpp-prime/c6/ex6-25.cpp">
			<Option target="c6-ex6-25"/>
		</Unit>
		<Unit filename="/Users/xiaochen/project/cpp-study/cpp-prime/c6/ex6-27.cpp">
			<Option target="c6-ex6-27"/>
		</Unit>
		<Unit filename="/Users/xiaochen/project/cpp-study/cpp-prime/c6/ex6-36.cpp">
			<Option target="c6-ex6-36"/>
		</Unit>
		<Unit filename="/Users/xiaochen/project/cpp-study/cpp-prime/c6/ex6-37.cpp">
			<Option target="c6-ex6-37"/>
		</Unit>
		<Unit filename="/Users/xiaochen/project/cpp-study/cpp-prime/c6/ex6-54.cpp">
			<Option target="c6-ex6-54"/>
		</Unit>
		<Unit filename="/Users/xiaochen/project/cpp-study/cpp-prime/c6/ex6-55.cpp">
			<Option target="c6-ex6-55"/>
		</Unit>
		<Unit filename="/Users/xiaochen/project/cpp-study/cpp-prime/c6/ex6-9/fact.cpp">
			<Option target="c6-ex6-9"/>
		</Unit>
		<Unit filename="/Users/xiaochen/project/cpp-study/cpp-prime/c6/ex6-9/factMain.cpp">
			<Option target="c6-ex6-9"/>
		</Unit>
		<Unit filename="/Users/xiaochen/project/cpp-study/cpp-prime/c7/ex7-15.cpp">
			<Option target="c7-ex7-15"/>
		</Unit>
		<Unit filename="/Users/xiaochen/project/cpp-study/cpp-prime/c7/ex7-2.cpp">
			<Option target="c7-ex7-2"/>
		</Unit>
		<Unit filename="/Users/xiaochen/project/cpp-study/cpp-prime/c7/ex7-22.cpp">
			<Option target="c7-ex7-22"/>
		</Unit>
		<Unit filename="/Users/xiaochen/project/cpp-study/cpp-prime/c7/ex7-23.cpp">
			<Option target="c7-ex7-23"/>
		</Unit>
		<Unit filename="/Users/xiaochen/project/cpp-study/cpp-prime/c7/ex7-27.cpp">
			<Option target="c7-ex7-27"/>
		</Unit>
		<Unit filename="/Users/xiaochen/project/cpp-study/cpp-prime/c7/ex7-31.cpp">
			<Option target="c7-ex7-31"/>
		</Unit>
		<Unit filename="/Users/xiaochen/project/cpp-study/cpp-prime/c7/ex7-4.cpp">
			<Option target="c7-ex7-4"/>
		</Unit>
		<Unit filename="/Users/xiaochen/project/cpp-study/cpp-prime/c7/ex7-5.cpp">
			<Option target="c7-ex7-5"/>
		</Unit>
		<Unit filename="/Users/xiaochen/project/cpp-study/cpp-prime/c7/ex7-9.cpp">
			<Option target="c7-ex7-9"/>
		</Unit>
		<Unit filename="/Users/xiaochen/project/cpp-study/cpp-prime/CMakeLists.txt">
			<Option virtualFolder="CMake Files\"/>
		</Unit>
	</Project>
</CodeBlocks_project_file>
